# This file is generated by running "yarn install" inside your project.
# Manual changes might be lost - proceed with caution!

__metadata:
  version: 4
  cacheKey: 7

"@sentry/core@npm:6.2.5":
  version: 6.2.5
  resolution: "@sentry/core@npm:6.2.5"
  dependencies:
    "@sentry/hub": 6.2.5
    "@sentry/minimal": 6.2.5
    "@sentry/types": 6.2.5
    "@sentry/utils": 6.2.5
    tslib: ^1.9.3
  checksum: 609156dd000a8ba5e593c60e74f957248a38e7cd0707e600204a9c9a0c417b95388886ea52d2441ee41523b7dadfb269098af56609db28c53146f711b3605a80
  languageName: node
  linkType: hard

"@sentry/hub@npm:6.2.5":
  version: 6.2.5
  resolution: "@sentry/hub@npm:6.2.5"
  dependencies:
    "@sentry/types": 6.2.5
    "@sentry/utils": 6.2.5
    tslib: ^1.9.3
  checksum: 60bc51afddbe4629650ddaf06c69ce03de07a7a9c9e49374ac0f16acb6d9ac11aef5697755e792f3f008657f00cfd0174a45968795b3191956694e32396503d0
  languageName: node
  linkType: hard

"@sentry/minimal@npm:6.2.5":
  version: 6.2.5
  resolution: "@sentry/minimal@npm:6.2.5"
  dependencies:
    "@sentry/hub": 6.2.5
    "@sentry/types": 6.2.5
    tslib: ^1.9.3
  checksum: 038a7e9bd5b307ef0ef2156bfa132766f3f7c93b863f2cd698919920d9a149fe243a8c723c60ff1f917c5803091717463c99f62182865c629f2deeb3b0f4dc09
  languageName: node
  linkType: hard

"@sentry/node@npm:^6.2.5":
  version: 6.2.5
  resolution: "@sentry/node@npm:6.2.5"
  dependencies:
    "@sentry/core": 6.2.5
    "@sentry/hub": 6.2.5
    "@sentry/tracing": 6.2.5
    "@sentry/types": 6.2.5
    "@sentry/utils": 6.2.5
    cookie: ^0.4.1
    https-proxy-agent: ^5.0.0
    lru_map: ^0.3.3
    tslib: ^1.9.3
  checksum: f546f0a45053d233913a3d35c665fa18e5ef1bfc11696c5bd894359b465be360f849f9c18780294f9ad453b8599d0146162cbd8cab6b3877895d663a868ee14f
  languageName: node
  linkType: hard

"@sentry/tracing@npm:6.2.5":
  version: 6.2.5
  resolution: "@sentry/tracing@npm:6.2.5"
  dependencies:
    "@sentry/hub": 6.2.5
    "@sentry/minimal": 6.2.5
    "@sentry/types": 6.2.5
    "@sentry/utils": 6.2.5
    tslib: ^1.9.3
  checksum: 335f175471268e6dbcf100cf9da06f714545c7e3d116af2eb667bf9550c32ebee71d78ddae437ad1eb2cd4d778061358c4fc75eeee25838297ee686c3b7ee464
  languageName: node
  linkType: hard

"@sentry/types@npm:6.2.5":
  version: 6.2.5
  resolution: "@sentry/types@npm:6.2.5"
  checksum: d9c8c9182bd674206618d3cf7fe296ad98b31bafa1ea9da0e5a5dda00bb1047c84bda44af8161efb13d90b2c215380fe32c9220ce5121be9bc8f410b46e50644
  languageName: node
  linkType: hard

"@sentry/utils@npm:6.2.5":
  version: 6.2.5
  resolution: "@sentry/utils@npm:6.2.5"
  dependencies:
    "@sentry/types": 6.2.5
    tslib: ^1.9.3
  checksum: 641a0c0e1a363af3896bf8a6d00f7b84edaab0f4e1084ab7c5b03b4788484078e2cf1f2a4a2e64f96d3746fa28c5980761e48900aa94c6739828c8489d9622cc
  languageName: node
  linkType: hard

"accepts@npm:~1.3.5, accepts@npm:~1.3.7":
  version: 1.3.7
  resolution: "accepts@npm:1.3.7"
  dependencies:
    mime-types: ~2.1.24
    negotiator: 0.6.2
  checksum: 2686fa30dbc850db1bf458dc8171fba13c54ed6cb25f4298ec7c2f88b8dfc50351f25c40abe3a948e4ec7a0cc8ea83d1c55c2f73ffa612d18840a8778d4a2ee0
  languageName: node
  linkType: hard

"agent-base@npm:6":
  version: 6.0.2
  resolution: "agent-base@npm:6.0.2"
  dependencies:
    debug: 4
  checksum: e77eff83e1308883118c7b6a866974dd4ef6be32ef7c91625d5337b13addb5699075c338942f5ecf598d7e5d179b81bf9c9fc644dfb9ca2db0facd9e6bf1238d
  languageName: node
  linkType: hard

"ajv@npm:^6.11.0":
  version: 6.12.6
  resolution: "ajv@npm:6.12.6"
  dependencies:
    fast-deep-equal: ^3.1.1
    fast-json-stable-stringify: ^2.0.0
    json-schema-traverse: ^0.4.1
    uri-js: ^4.2.2
  checksum: 19a8f3b0a06001eb68e6268f4f9f04424b32baadd5df6ba8292cd473e22e5f4019ed9ab17c3e3510394178ed8bef9b42ad0bdb5c675d65f042421a774780ce1a
  languageName: node
  linkType: hard

"argparse@npm:^2.0.1":
  version: 2.0.1
  resolution: "argparse@npm:2.0.1"
  checksum: 160b7a25d2a7097fd5fdf25eb8a99e037340078f70e6c7cfdef305837ed14d54570b2b13261bcae26c8cd44ad6e9a7136a0110d815ac65a7891c69c7bf2f4afd
  languageName: node
  linkType: hard

"array-flatten@npm:1.1.1":
  version: 1.1.1
  resolution: "array-flatten@npm:1.1.1"
  checksum: de7a056451ff7891bb1bcda6ce2a50448ca70f63cd0fa7aa90430d288b6dc2931517b6853ce16c473a7f40fa6eaa874e20b6151616db93375471d1ffadfb1d3d
  languageName: node
  linkType: hard

"array-flatten@npm:2.1.1":
  version: 2.1.1
  resolution: "array-flatten@npm:2.1.1"
  checksum: 70174282f51b4050dffd1e2651cc95bdcac2a555842fe90732763264d563c295dfc9456b1be192b0fa449b0f9060f2bd1f27737ae8b5f123a990099bbf9dcf15
  languageName: node
  linkType: hard

"body-parser@npm:1.19.0":
  version: 1.19.0
  resolution: "body-parser@npm:1.19.0"
  dependencies:
    bytes: 3.1.0
    content-type: ~1.0.4
    debug: 2.6.9
    depd: ~1.1.2
    http-errors: 1.7.2
    iconv-lite: 0.4.24
    on-finished: ~2.3.0
    qs: 6.7.0
    raw-body: 2.4.0
    type-is: ~1.6.17
  checksum: 18c2a81df5eabc7e3541bc9ace394b88e6fbd390989b5e764ff34c3f9dbd097e19986c31baa9b855ec5c2cff2b79157449afb0cdfb97bb99c11d6239b2c47a34
  languageName: node
  linkType: hard

"boolean@npm:^3.0.2":
  version: 3.0.3
  resolution: "boolean@npm:3.0.3"
  checksum: bc4516629b2a8d3953b786da2b52bf73b60520d31eefda590cbfa914f307789101dedafd9e27f135ae8da108f620b9809379597a1526fb4bb6abf4c87c1f4356
  languageName: node
  linkType: hard

"bytes@npm:3.0.0":
  version: 3.0.0
  resolution: "bytes@npm:3.0.0"
  checksum: 98d6c0ab36f7a5527226fd928e65495ffd3d53cb22da627eba3300eed36bd283ae3dfdf3a0aa017df13a09115b5b8847e3d51f66c2f0304a262264c86a317c05
  languageName: node
  linkType: hard

"bytes@npm:3.1.0":
  version: 3.1.0
  resolution: "bytes@npm:3.1.0"
  checksum: c3f64645ef37922c8194fef88a052de2a28101882dfdf8a225493888c4941a26ea15164957e7492e5c5e3a8e98ee6276f4834efacb68e2d8ad4d91f903250b6c
  languageName: node
  linkType: hard

"compressible@npm:~2.0.16":
  version: 2.0.18
  resolution: "compressible@npm:2.0.18"
  dependencies:
    mime-db: ">= 1.43.0 < 2"
  checksum: 8ac178b6ef4f72adc51e495f23f7212a4764395dde24e476046cca1db988859eef96453e11563bcf40d1bf74469cdd7db29539fd4ac553577d9812d3f112fada
  languageName: node
  linkType: hard

"compression@npm:^1.7.4":
  version: 1.7.4
  resolution: "compression@npm:1.7.4"
  dependencies:
    accepts: ~1.3.5
    bytes: 3.0.0
    compressible: ~2.0.16
    debug: 2.6.9
    on-headers: ~1.0.2
    safe-buffer: 5.1.2
    vary: ~1.1.2
  checksum: 8f5356777088492755e40a506acb35af7de9e99b3efcaba9d60dbdf4b61cb2f817a1100015da06f6ca8dea8f4cd015b91c27f02b562e2f66750329b9104dfeb1
  languageName: node
  linkType: hard

"content-disposition@npm:0.5.3":
  version: 0.5.3
  resolution: "content-disposition@npm:0.5.3"
  dependencies:
    safe-buffer: 5.1.2
  checksum: 8f1f235c0423be68023df7f5a3948601d859ce44ee94e1d0fa2a97383bd469e789320b6ddf6f31b3620605c75cf771522df11386f51aff401e5d51b6ccfde3e2
  languageName: node
  linkType: hard

"content-type@npm:~1.0.4":
  version: 1.0.4
  resolution: "content-type@npm:1.0.4"
  checksum: ff6e19cbf281c23d5608723a6dc60ac97e2280bd4d21602511283112321e6c1555895e395555e367672b54a0f1585276284b7c3c8be313aca73902ac2f2609fd
  languageName: node
  linkType: hard

"cookie-signature@npm:1.0.6":
  version: 1.0.6
  resolution: "cookie-signature@npm:1.0.6"
  checksum: 305054e102eebd0a483c63aefdc3abf54a9471bed5eb12be56c0dcf35a94110b8a13139b27751ab07a5ef09e9f4190ee67f71e9d3acf1748e6e2f1aed338c987
  languageName: node
  linkType: hard

"cookie@npm:0.4.0":
  version: 0.4.0
  resolution: "cookie@npm:0.4.0"
  checksum: 7aaef4b642c533600fdd001d963a507dfcd814267503374e51d9743475d024feeff8b0b4ddd0777a25791a2efbdfd8bc4a0fe0696104efa195e8f8584807d410
  languageName: node
  linkType: hard

"cookie@npm:^0.4.1":
  version: 0.4.1
  resolution: "cookie@npm:0.4.1"
  checksum: b8e0928e3e7aba013087974b33a6eec730b0a68b7ec00fc3c089a56ba2883bcf671252fc2ed64775aa1ca64796b6e1f6fdddba25a66808aef77614d235fd3e06
  languageName: node
  linkType: hard

"cors@npm:^2.8.5":
  version: 2.8.5
  resolution: "cors@npm:2.8.5"
  dependencies:
    object-assign: ^4
    vary: ^1
  checksum: c83e88c15428b87ff55853ec5ce961b650c7aa3de536aadebbeb2334872d86a8be57165a77996f3b746366c950c2d51624a9b76b88fb7f18d178eca051ca1ae2
  languageName: node
  linkType: hard

"debug@npm:2.6.9":
  version: 2.6.9
  resolution: "debug@npm:2.6.9"
  dependencies:
    ms: 2.0.0
  checksum: 559f44f98cf25e2ee489022aec173afbff746564cb108c4493becb95bc3c017a67bdaa25a0ff64801fd32c35051d00af0e56cc7f762ae2c3bc089496e5a1c31b
  languageName: node
  linkType: hard

"debug@npm:3.1.0":
  version: 3.1.0
  resolution: "debug@npm:3.1.0"
  dependencies:
    ms: 2.0.0
  checksum: 1295acd5e0531761255661d325cd0a80ac8c5f6de8942a53bb23c2197ccb97526972de662ed0e5d9393be83f3428a298a6e7185ecb02f0da6282019cd2ffb4a8
  languageName: node
  linkType: hard

"debug@npm:4, debug@npm:^4.3.1":
  version: 4.3.1
  resolution: "debug@npm:4.3.1"
  dependencies:
    ms: 2.1.2
  peerDependenciesMeta:
    supports-color:
      optional: true
  checksum: 0d41ba5177510e8b388dfd7df143ab0f9312e4abdaba312595461511dac88e9ef8101939d33b4e6d37e10341af6a5301082e4d7d6f3deb4d57bc05fc7d296fad
  languageName: node
  linkType: hard

"deepmerge@npm:^4.2.2":
  version: 4.2.2
  resolution: "deepmerge@npm:4.2.2"
  checksum: 85abf8e0045ee280996e7d2396979c877ef0741e413b716e42441110e0a83ac08098b2a49cea035510060bf667c0eae3189b2a52349f5fa4b000c211041637b1
  languageName: node
  linkType: hard

"define-properties@npm:^1.1.3":
  version: 1.1.3
  resolution: "define-properties@npm:1.1.3"
  dependencies:
    object-keys: ^1.0.12
  checksum: b69c48c1b1dacb61f0b1cea367707c3bb214e3c47818aff18e6f20a7f88cbfa33d4cbdfd9ff79e56faba95ddca3d78ff10fbf2f02ecfad6f3e13b256e76b1212
  languageName: node
  linkType: hard

"delay@npm:^5.0.0":
  version: 5.0.0
  resolution: "delay@npm:5.0.0"
  checksum: 404b4dd8e60f9fe869dbbd502696cdf4da2b4f3b5b4c10d3345bdec7a3af896ebbb175e16e3aeef7b2063a8ffbb446a04b97218fb276233c90c103b8676c83a0
  languageName: node
  linkType: hard

"depd@npm:~1.1.2":
  version: 1.1.2
  resolution: "depd@npm:1.1.2"
  checksum: f45566ff7019a346852f095768a380778ed544de24e103b479fd5d3e61982d670efbb5234c09d0588d7fdb09c26c48283d7150e4be5e6ce5d3d37cd268d75c4d
  languageName: node
  linkType: hard

"destroy@npm:~1.0.4":
  version: 1.0.4
  resolution: "destroy@npm:1.0.4"
  checksum: 5a516fc5a8a8089eecdac11da2339353542be7a71102dc5a1372ef6161501bf5c1ee59ff9f8a3f5f14cc8c88594d606f855f816d46a228ee5e0e5cb2b543534b
  languageName: node
  linkType: hard

"detect-node@npm:^2.0.5":
  version: 2.0.5
  resolution: "detect-node@npm:2.0.5"
  checksum: 115f61555576f872c1ce2882da2d2366f36dc73b2fadd9a0a63bf84c4ebf5e46e97a76845fcddcdfb8b7b389a924baf0e0505ed8dd024019d2ba09aab57bf7bb
  languageName: node
  linkType: hard

"ee-first@npm:1.1.1":
  version: 1.1.1
  resolution: "ee-first@npm:1.1.1"
  checksum: ba74f91398e3ee3b6d665b2f0d13ad6530e89a7e64ec886a6eec0602fb8a5a274652960e21bd5d4b42fdeb9017d873ff872f50342d38779e955285977edb337c
  languageName: node
  linkType: hard

"encodeurl@npm:~1.0.2":
  version: 1.0.2
  resolution: "encodeurl@npm:1.0.2"
  checksum: 6ee5fcbcd245d2a2b6bd6fe36b80f91e31ab46e29192c50af00e8f860c0c2310ebbdaae40257878fdce90b42abcb3526895c7c3a2e229461ed1f0d0b5a020fc8
  languageName: node
  linkType: hard

"escape-html@npm:~1.0.3":
  version: 1.0.3
  resolution: "escape-html@npm:1.0.3"
  checksum: 900a7f2b80b9f89c85b7a303d1b7a4d354b93e328871414f165f13c5c209a80eab787e3a63429e596877def69fe4dcb3d1b55af655207a901a9ec99f7f148743
  languageName: node
  linkType: hard

"etag@npm:~1.8.1":
  version: 1.8.1
  resolution: "etag@npm:1.8.1"
  checksum: f18341a3c12a554ec46c0d4756bc9cae177e92f25a4ebd9ceefebf0ee448b675972fc110879f22b1bf514174713921ae5de9ff77af2062d422b1085588465a57
  languageName: node
  linkType: hard

"express-spa@workspace:.":
  version: 0.0.0-use.local
  resolution: "express-spa@workspace:."
  dependencies:
    compression: ^1.7.4
    cors: ^2.8.5
    debug: ^4.3.1
    express: ^5.0.0-alpha.8
    helmet: ^4.4.1
    js-yaml: ^4.0.0
    lightship: ^6.7.2
    prettier: 2.2.1
  languageName: unknown
  linkType: soft

"express@npm:^4.17.1":
  version: 4.17.1
  resolution: "express@npm:4.17.1"
  dependencies:
    accepts: ~1.3.7
    array-flatten: 1.1.1
    body-parser: 1.19.0
    content-disposition: 0.5.3
    content-type: ~1.0.4
    cookie: 0.4.0
    cookie-signature: 1.0.6
    debug: 2.6.9
    depd: ~1.1.2
    encodeurl: ~1.0.2
    escape-html: ~1.0.3
    etag: ~1.8.1
    finalhandler: ~1.1.2
    fresh: 0.5.2
    merge-descriptors: 1.0.1
    methods: ~1.1.2
    on-finished: ~2.3.0
    parseurl: ~1.3.3
    path-to-regexp: 0.1.7
    proxy-addr: ~2.0.5
    qs: 6.7.0
    range-parser: ~1.2.1
    safe-buffer: 5.1.2
    send: 0.17.1
    serve-static: 1.14.1
    setprototypeof: 1.1.1
    statuses: ~1.5.0
    type-is: ~1.6.18
    utils-merge: 1.0.1
    vary: ~1.1.2
  checksum: c4b470d623152c148e874b08d4afc35ea9498547c31a6ff6dae767ae11e3a59508a299732e9f45bfa2885685fbe2b75ca360862977798dfcec28ff2a4260eab2
  languageName: node
  linkType: hard

"express@npm:^5.0.0-alpha.8":
  version: 5.0.0-alpha.8
  resolution: "express@npm:5.0.0-alpha.8"
  dependencies:
    accepts: ~1.3.7
    array-flatten: 2.1.1
    body-parser: 1.19.0
    content-disposition: 0.5.3
    content-type: ~1.0.4
    cookie: 0.4.0
    cookie-signature: 1.0.6
    debug: 3.1.0
    depd: ~1.1.2
    encodeurl: ~1.0.2
    escape-html: ~1.0.3
    etag: ~1.8.1
    finalhandler: ~1.1.2
    fresh: 0.5.2
    merge-descriptors: 1.0.1
    methods: ~1.1.2
    on-finished: ~2.3.0
    parseurl: ~1.3.3
    path-is-absolute: 1.0.1
    proxy-addr: ~2.0.5
    qs: 6.7.0
    range-parser: ~1.2.1
    router: 2.0.0-alpha.1
    safe-buffer: 5.1.2
    send: 0.17.1
    serve-static: 1.14.1
    setprototypeof: 1.1.1
    statuses: ~1.5.0
    type-is: ~1.6.18
    utils-merge: 1.0.1
    vary: ~1.1.2
  checksum: a074fe4420268bbafad7b1da7935b4cc725ff8b2943397df5c3f0d8b86713f888e684ebc43572203e44fc46b0682760eb9f95767c8bf54c0ea649f5b3f64c1d2
  languageName: node
  linkType: hard

"fast-deep-equal@npm:^3.1.1":
  version: 3.1.3
  resolution: "fast-deep-equal@npm:3.1.3"
  checksum: 451526766b219503131d11e823eaadd1533080b0be4860e316670b039dcaf31cd1007c2fe036a9b922abba7c040dfad5e942ed79d21f2ff849e50049f36e0fb7
  languageName: node
  linkType: hard

"fast-json-stable-stringify@npm:^2.0.0":
  version: 2.1.0
  resolution: "fast-json-stable-stringify@npm:2.1.0"
  checksum: 7df3fabfe445d65953b2d9d9d3958bd895438b215a40fb87dae8b2165c5169a897785eb5d51e6cf0eb03523af756e3d82ea01083f6ac6341fe16db532fee3016
  languageName: node
  linkType: hard

"fast-json-stringify@npm:^2.5.2":
  version: 2.5.3
  resolution: "fast-json-stringify@npm:2.5.3"
  dependencies:
    ajv: ^6.11.0
    deepmerge: ^4.2.2
    rfdc: ^1.2.0
    string-similarity: ^4.0.1
  checksum: b6d1204da2af4672e789d07e5edd5dc50977fedaeaa016daaaf81a7120b84ef7603b8eb530d3238c26e7df7cd2b5d5eaaa2f7d227520cfb438ba39a2a2f9422e
  languageName: node
  linkType: hard

"fast-printf@npm:^1.6.4":
  version: 1.6.5
  resolution: "fast-printf@npm:1.6.5"
  dependencies:
    boolean: ^3.0.2
  checksum: 9d43aafa7fe134745a0e93ddebccaa7d828ab5a095a32cb503b121709abe91f857ce3a2598f676752cc08668b292d38113fbed0357ee25ba192d770e530b24e2
  languageName: node
  linkType: hard

"finalhandler@npm:~1.1.2":
  version: 1.1.2
  resolution: "finalhandler@npm:1.1.2"
  dependencies:
    debug: 2.6.9
    encodeurl: ~1.0.2
    escape-html: ~1.0.3
    on-finished: ~2.3.0
    parseurl: ~1.3.3
    statuses: ~1.5.0
    unpipe: ~1.0.0
  checksum: f2e5b6bfe2201f13e74408530a7f354b7846ab3e648b3dde4f8ed3b773c8a743c16b0f378cb5113df7fef84c5be364bb1a3655f0a75571f163c982289fbd9671
  languageName: node
  linkType: hard

"forwarded@npm:~0.1.2":
  version: 0.1.2
  resolution: "forwarded@npm:0.1.2"
  checksum: 568d862ad1c514813fc62dc1bd58b8669b16d4ee2e634a6fc71f4849df798883ab94e63d8e1b35a17af51b2b39ca869e672c7310efe42fc7b9bad43a80b5ff87
  languageName: node
  linkType: hard

"fresh@npm:0.5.2":
  version: 0.5.2
  resolution: "fresh@npm:0.5.2"
  checksum: 2f76c8505d1ea5a6d5accea3e7aff0b796bfa43364c84929254f33909fa08640948bd1728220d1ff5f4c2b378a65e97da647f2fe0f2b7ddb44001f6e0dc2e91f
  languageName: node
  linkType: hard

"globalthis@npm:^1.0.2":
  version: 1.0.2
  resolution: "globalthis@npm:1.0.2"
  dependencies:
    define-properties: ^1.1.3
  checksum: 1ac54e059ddb43ff8342cfd94406934c184de544ff505550e9242df35deb50591a5ff80635a8fa28c2f10e8b6544d99d58a0f88f3f8a8db933b7fd614c06b27a
  languageName: node
  linkType: hard

"helmet@npm:^4.4.1":
  version: 4.4.1
  resolution: "helmet@npm:4.4.1"
  checksum: 32f5ca0517368244198355bd289765c663e80a4a23795277043d87349e46d91a1d9e42ba8dcbd66debb866fbf73ca7fc14d5980f6647dea3ea87d3c6eb0040a5
  languageName: node
  linkType: hard

"http-errors@npm:1.7.2":
  version: 1.7.2
  resolution: "http-errors@npm:1.7.2"
  dependencies:
    depd: ~1.1.2
    inherits: 2.0.3
    setprototypeof: 1.1.1
    statuses: ">= 1.5.0 < 2"
    toidentifier: 1.0.0
  checksum: 8ce4a4af05a3652c81768a2754ced24b86ff62e7bee147a27b6ef8cde24e7a48f9fbfcb87ec6f67781879b95f1b35d3f8d6378e8555eb7d469ce875f4e184418
  languageName: node
  linkType: hard

"http-errors@npm:~1.7.2":
  version: 1.7.3
  resolution: "http-errors@npm:1.7.3"
  dependencies:
    depd: ~1.1.2
    inherits: 2.0.4
    setprototypeof: 1.1.1
    statuses: ">= 1.5.0 < 2"
    toidentifier: 1.0.0
  checksum: 563ae4a3f19c89029212922bade6ffcd0e4b7fa52e539f08c8f6941de7eaccb00bf76cb7692662192f2f0d567d4ac1f9d6a3d0ee70b166c8540cf791497f90ea
  languageName: node
  linkType: hard

"http-terminator@npm:^3.0.0":
  version: 3.0.0
  resolution: "http-terminator@npm:3.0.0"
  dependencies:
    delay: ^5.0.0
    roarr: ^4.0.10
    type-fest: ^0.20.2
  checksum: 5a23d3ecce62247049a62e51331b1e97ef690620faab0700589baf42b9796d126adb064d8cc284024eb1d0fdfa7d849a15bdd191f646214629015551b8a11477
  languageName: node
  linkType: hard

"https-proxy-agent@npm:^5.0.0":
  version: 5.0.0
  resolution: "https-proxy-agent@npm:5.0.0"
  dependencies:
    agent-base: 6
    debug: 4
  checksum: 18aa04ea08cc069fa0c83d03475d1bc43e13bfa43d5cffc0c3a07430f755e1ac914049570302775adac82aa5a779643ef2c6c270c057d7a8523a7f6f46b4866a
  languageName: node
  linkType: hard

"iconv-lite@npm:0.4.24":
  version: 0.4.24
  resolution: "iconv-lite@npm:0.4.24"
  dependencies:
    safer-buffer: ">= 2.1.2 < 3"
  checksum: a9b9521066ee81853a8561e92bd7240bc5d3b7d5ef7da807a475e7858b0246e318b6af518c30a20a8749ef5eafeaa9631079446e4e696c7b60f468b34dc2cbfc
  languageName: node
  linkType: hard

"inherits@npm:2.0.3":
  version: 2.0.3
  resolution: "inherits@npm:2.0.3"
  checksum: 9488f9433effbc24474f6baee8014e5337c7f99305ecb4204fa5864ae7655c24225780d87fc65ed8d3d374715a18c5dc8c69fe3bf9745cde2e7acd0ac068a07b
  languageName: node
  linkType: hard

"inherits@npm:2.0.4":
  version: 2.0.4
  resolution: "inherits@npm:2.0.4"
  checksum: 98426da247ddfc3dcd7d7daedd90c3ca32d5b08deca08949726f12d49232aef94772a07b36cf4ff833e105ae2ef931777f6de4a6dd8245a216b9299ad4a50bea
  languageName: node
  linkType: hard

"ipaddr.js@npm:1.9.1":
  version: 1.9.1
  resolution: "ipaddr.js@npm:1.9.1"
  checksum: de15bc7e63973d960abc43c9fbbf19589c726774f59d157d1b29382a1e86ae87c68cbd8b5c78a1712a87fc4fcd91e10762c7671950c66a1a19040ff4fd2f9c9b
  languageName: node
  linkType: hard

"is-circular@npm:^1.0.2":
  version: 1.0.2
  resolution: "is-circular@npm:1.0.2"
  checksum: 10efe532e7bec8126030f8c469dea4ab464a17e6505a22be382c6a7f437dfa47497f7d3299f266f47229b7dd8e16fc6e04c3ecb3dc9c03f99aed676fb48605c1
  languageName: node
  linkType: hard

"js-yaml@npm:^4.0.0":
  version: 4.0.0
  resolution: "js-yaml@npm:4.0.0"
  dependencies:
    argparse: ^2.0.1
  bin:
    js-yaml: bin/js-yaml.js
  checksum: ee9b16cdbba690ec70f46d61737b28b35e26e6d51606c466de7fa876d3517de0cfdffd2e1ef21263d5ca3b32659d2e4c65255f50d6e236f022305bce72242d46
  languageName: node
  linkType: hard

"json-schema-traverse@npm:^0.4.1":
  version: 0.4.1
  resolution: "json-schema-traverse@npm:0.4.1"
  checksum: 6f71bddba38aa043cf9c05ff9cf37158a6657909f1dd37032ba164b76923da47a17bb4592ee4f7f9c029dfaf26965b821ac214c1f991bb3bd038c9cfea2da50b
  languageName: node
  linkType: hard

"json-stringify-safe@npm:^5.0.1":
  version: 5.0.1
  resolution: "json-stringify-safe@npm:5.0.1"
  checksum: 261dfb8eb3e72c8b0dda11fd7c20c151ffc1d1b03e529245d51708c8dd8d8c6a225880464adf41a570dff6e5c805fd9d1f47fed948cfb526e4fbe5a67ce4e5f4
  languageName: node
  linkType: hard

"lightship@npm:^6.7.2":
  version: 6.7.2
  resolution: "lightship@npm:6.7.2"
  dependencies:
    "@sentry/node": ^6.2.5
    delay: ^5.0.0
    express: ^4.17.1
    http-terminator: ^3.0.0
    roarr: ^4.2.5
    serialize-error: ^8.0.1
  checksum: d541f6172ed987fa4481bd41d4a4b3d6dcb7486d013d491c4a8c875df0b99753d406a586134926cb3c723d2bdc13bbd658ea27ad0a96519cd29024d5185350f9
  languageName: node
  linkType: hard

"lru_map@npm:^0.3.3":
  version: 0.3.3
  resolution: "lru_map@npm:0.3.3"
  checksum: c1d5347da0658d31f9440496c97e87cc67f201f79e46e9f83dd4cf3766cc93f021c6226f900f096d0e357913cad290c7d464ac632e5e124efbdb2af1da08774c
  languageName: node
  linkType: hard

"media-typer@npm:0.3.0":
  version: 0.3.0
  resolution: "media-typer@npm:0.3.0"
  checksum: be1c825782df7f38eebd451d778f6407bb15a59c8807a69e7f2ad74a25440e474536441c6bf583fdf2803ea23b866e91ff68f565cda297211dd89147758c8df3
  languageName: node
  linkType: hard

"merge-descriptors@npm:1.0.1":
  version: 1.0.1
  resolution: "merge-descriptors@npm:1.0.1"
  checksum: 2d2a09eaac840a7ceac7a13b44b7c8abf3ecccd93a609c3525d8290cb5d814336cc7c0b1dd485ae3bc471ed354eeefb153475ce2e1604ccdf79eebe74021c192
  languageName: node
  linkType: hard

"methods@npm:~1.1.2":
  version: 1.1.2
  resolution: "methods@npm:1.1.2"
  checksum: 450e4ea0fd4a0f3de8c0593d753c7d6c8f2ee49766f5ef35c68cc2ac41699d5e295b7d6330fc2b7271b8569a07857e3eb0b5df0599a353c5808265b4b5066168
  languageName: node
  linkType: hard

"mime-db@npm:1.44.0, mime-db@npm:>= 1.43.0 < 2":
  version: 1.44.0
  resolution: "mime-db@npm:1.44.0"
  checksum: b4e3b2141418572fba9786f7e36324faef15e23032ad0871f56760cb304ee721ba4c8cc795d3c1cac69a2a8b94045c1d6b08c4a8d1ef6ba1226a3a5193915c57
  languageName: node
  linkType: hard

"mime-types@npm:~2.1.24":
  version: 2.1.27
  resolution: "mime-types@npm:2.1.27"
  dependencies:
    mime-db: 1.44.0
  checksum: 51fe2f2c08c10ac7a2f67e2ce5de30f6500faa88d095418a1ab6e90e30960db7c682a8ecce60d3d4e293ac52c4700ca99399833db998ea9ec83d6f0503b70a94
  languageName: node
  linkType: hard

"mime@npm:1.6.0":
  version: 1.6.0
  resolution: "mime@npm:1.6.0"
  bin:
    mime: cli.js
  checksum: d540c24dd3e3a9e25e813714e55ff2f7841a3a1a47aed9786c508bd0251653d5e9abbfb1163c0c6e1be99f872d7fa1538c068bd6e306e9cb12dd9affa841a61e
  languageName: node
  linkType: hard

"ms@npm:2.0.0":
  version: 2.0.0
  resolution: "ms@npm:2.0.0"
  checksum: 1a230340cc7f322fbe916783d8c8d60455407c6b7fb7f901d6ee34eb272402302c5c7f070a97b8531245cbb4ca6a0a623f6a128d7e5a5440cefa2c669c0b35bb
  languageName: node
  linkType: hard

"ms@npm:2.1.1":
  version: 2.1.1
  resolution: "ms@npm:2.1.1"
  checksum: 81ad38c74df2473ce9fbed8bb71a00220c3d9e237ebd576306c9f6ca3221b251d602c7d199808944be1a3d7cda5883e72c77adb473734ba30f6e032165e05ebc
  languageName: node
  linkType: hard

"ms@npm:2.1.2":
  version: 2.1.2
  resolution: "ms@npm:2.1.2"
  checksum: 9b65fb709bc30c0c07289dcbdb61ca032acbb9ea5698b55fa62e2cebb04c5953f1876a1f3f7f4bc2e91d4bf4d86003f3e207c3bc6ee2f716f99827e62389cd0e
  languageName: node
  linkType: hard

"negotiator@npm:0.6.2":
  version: 0.6.2
  resolution: "negotiator@npm:0.6.2"
  checksum: 4b230bd15f0862d16c54ce0243fcfcf835ad59c8e58c467b4504dd28c9868cff71ff485b02cc575dc69dca819b58a1fadc9fb28403f45721f38a8fffde007d54
  languageName: node
  linkType: hard

"object-assign@npm:^4":
  version: 4.1.1
  resolution: "object-assign@npm:4.1.1"
  checksum: 66cf021898fc1b13ea573ea8635fbd5a76533f50cecbc2fcd5eee1e8029af41bcebe7023788b6d0e06cbe4401ecea075d972f78ec74467cdc571a0f1a4d1a081
  languageName: node
  linkType: hard

"object-keys@npm:^1.0.12":
  version: 1.1.1
  resolution: "object-keys@npm:1.1.1"
  checksum: 30d72d768b7f3f42144cee517b80e70c40cf39bb76f100557ffac42779613c591780135c54d8133894a78d2c0ae817e24a5891484722c6019a5cd5b58c745c66
  languageName: node
  linkType: hard

"on-finished@npm:~2.3.0":
  version: 2.3.0
  resolution: "on-finished@npm:2.3.0"
  dependencies:
    ee-first: 1.1.1
  checksum: 362e64608287d31ffd96a15fb9305a410b3e4d07c86f277fae907e38af46bc6f5ff948de90eabb81dc5632ca7f9a290085acc5410c378053dfa9860451d97ee5
  languageName: node
  linkType: hard

"on-headers@npm:~1.0.2":
  version: 1.0.2
  resolution: "on-headers@npm:1.0.2"
  checksum: 51e75c80755169e765aa76238722e5ad1623f62b13bbc23544ade20cdbb6950cf0e6aa91de35d02ec956f47dc072ee460d8eef82354e4abf8fa692885cb3f2d8
  languageName: node
  linkType: hard

"parseurl@npm:~1.3.2, parseurl@npm:~1.3.3":
  version: 1.3.3
  resolution: "parseurl@npm:1.3.3"
  checksum: 52c9e86cb58e38b28f1a50a6354d16648974ab7a2b91b209f97102840471de8adf524427774af6d5bc482fb7c0a6af6ba08ab37de9a1a7ae389ebe074015914b
  languageName: node
  linkType: hard

"path-is-absolute@npm:1.0.1":
  version: 1.0.1
  resolution: "path-is-absolute@npm:1.0.1"
  checksum: 907e1e3e6ac0aef6e65adffd75b3892191d76a5b94c5cf26b43667c4240531d11872ca6979c209b2e5e1609f7f579d02f64ba9936b48bb59d36cc529f0d965ed
  languageName: node
  linkType: hard

"path-to-regexp@npm:0.1.7":
  version: 0.1.7
  resolution: "path-to-regexp@npm:0.1.7"
  checksum: 342fdb0ca48415d6eccdbe6d4180fd0fa4786ccc96ab3f74fcdf7acfc99e075af25e6077c8086c341dcfb4f5f84401ecd21e6cd7b24e0c3b556fb7ffb2570da7
  languageName: node
  linkType: hard

"prettier@npm:2.2.1":
  version: 2.2.1
  resolution: "prettier@npm:2.2.1"
  bin:
    prettier: bin-prettier.js
  checksum: 92c6c9f4b87eba1f28466edee57dd18c80d00b858edda77d46d1950d20e6e302b68ee255fc91133ba931e63c4577b5ae30da194d9626a8f3c0177778b91bf056
  languageName: node
  linkType: hard

"proxy-addr@npm:~2.0.5":
  version: 2.0.6
  resolution: "proxy-addr@npm:2.0.6"
  dependencies:
    forwarded: ~0.1.2
    ipaddr.js: 1.9.1
  checksum: a7dcfd70258cdc3b73c5dc4a35c73db9857f3bf4cf5e6404380e8ea558f8c5569147e721a01195d00b450e36b4dde727fc9d22fdea14310ba38faa595530cd58
  languageName: node
  linkType: hard

"punycode@npm:^2.1.0":
  version: 2.1.1
  resolution: "punycode@npm:2.1.1"
  checksum: 0202dc191cb35bfd88870ac99a1e824b03486d4cee20b543ef337a6dee8d8b11017da32a3e4c40b69b19976e982c030b62bd72bba42884acb691bc5ef91354c8
  languageName: node
  linkType: hard

"qs@npm:6.7.0":
  version: 6.7.0
  resolution: "qs@npm:6.7.0"
  checksum: 8590470436ff0a75ae35e6b45fd7260e2beb537ff8ec1104f9703a349b09ce1aa27e8e1c06b9ad25ac62fc098e12cc65df93042a233128a0276ccd6de4c7819a
  languageName: node
  linkType: hard

"range-parser@npm:~1.2.1":
  version: 1.2.1
  resolution: "range-parser@npm:1.2.1"
  checksum: 05074f5b23dbdc24acdae9821dd684fbc9c0d770cdaa4469ab529d8e0fc1338aa33561a4c7c14a1f9bdcb3b5e9a3770e5a80318258a72289a7ef05fcda72a707
  languageName: node
  linkType: hard

"raw-body@npm:2.4.0":
  version: 2.4.0
  resolution: "raw-body@npm:2.4.0"
  dependencies:
    bytes: 3.1.0
    http-errors: 1.7.2
    iconv-lite: 0.4.24
    unpipe: 1.0.0
  checksum: 46dc02f8b4f358786d41e18fb55533fbe4702d390e22bbe2b9c98c88dec41cab23ea2315f3ae0bf4bc0213a2872c89943d3df6857f4e21f996ea9d2d92f1bcaa
  languageName: node
  linkType: hard

"rfdc@npm:^1.2.0":
  version: 1.3.0
  resolution: "rfdc@npm:1.3.0"
  checksum: 34dd5c5acf95c1248a81a539b899490e3b2a73373f2fa4187ce0e555581b64c4d08619f022970d6aabe9e044cfa4d4f6118939dfd640c01da68c36d89f118807
  languageName: node
  linkType: hard

"roarr@npm:^4.0.10, roarr@npm:^4.2.5":
  version: 4.2.5
  resolution: "roarr@npm:4.2.5"
  dependencies:
    boolean: ^3.0.2
    detect-node: ^2.0.5
    fast-json-stringify: ^2.5.2
    fast-printf: ^1.6.4
    globalthis: ^1.0.2
    is-circular: ^1.0.2
    json-stringify-safe: ^5.0.1
    semver-compare: ^1.0.0
  checksum: 73ed633ebf93562e7c6e2bbfd3f41d137dbc7f00d488f06c161f20febc4790d8de1c2e1c1b65a2e52f22e63f59593e7fb8dada40894c0efd1551e313fcea87cb
  languageName: node
  linkType: hard

"router@npm:2.0.0-alpha.1":
  version: 2.0.0-alpha.1
  resolution: "router@npm:2.0.0-alpha.1"
  dependencies:
    array-flatten: 2.1.1
    debug: 3.1.0
    methods: ~1.1.2
    parseurl: ~1.3.2
    path-to-regexp: 0.1.7
    setprototypeof: 1.1.0
    utils-merge: 1.0.1
  checksum: b311b3319ffef349c0af4bae20a623113b966d671f9d6eadf83cf6a7a078bc55dd0806019609b7ea0e81b17274e6efd5c13c402618e97aa239ce9175ba26e19d
  languageName: node
  linkType: hard

"safe-buffer@npm:5.1.2":
  version: 5.1.2
  resolution: "safe-buffer@npm:5.1.2"
  checksum: 2708587c1b5e70a5e420714ceb59f30f5791c6e831d39812125a008eca63a4ac18578abd020a0776ea497ff03b4543f2b2a223a7b9073bf2d6c7af9ec6829218
  languageName: node
  linkType: hard

"safer-buffer@npm:>= 2.1.2 < 3":
  version: 2.1.2
  resolution: "safer-buffer@npm:2.1.2"
  checksum: 549ba83f5b314b59898efe3422120ce1ca7987a6eae5925a5fa5db930dc414d4a9dde0a5594f89638cd6ea60b6840ea961872908933ac2428d1726489db46fa5
  languageName: node
  linkType: hard

"semver-compare@npm:^1.0.0":
  version: 1.0.0
  resolution: "semver-compare@npm:1.0.0"
  checksum: 9f3a74ca5f829c6b643668281228e2af310d9cb918a9d722e0c9426c4244c32346d29e955bbe796c46341f644fc741d888ca02e573f7aa230542809b03b0d8ec
  languageName: node
  linkType: hard

"send@npm:0.17.1":
  version: 0.17.1
  resolution: "send@npm:0.17.1"
  dependencies:
    debug: 2.6.9
    depd: ~1.1.2
    destroy: ~1.0.4
    encodeurl: ~1.0.2
    escape-html: ~1.0.3
    etag: ~1.8.1
    fresh: 0.5.2
    http-errors: ~1.7.2
    mime: 1.6.0
    ms: 2.1.1
    on-finished: ~2.3.0
    range-parser: ~1.2.1
    statuses: ~1.5.0
  checksum: 58e4ab2e07e8dfb206ca954a9b85f4e367aba0e4d59ce4c9c96a82034385b67f25d33ad526fdb69d635744bbe4d8afea06e2c0348d7d32920e3489d86dc3ec6f
  languageName: node
  linkType: hard

"serialize-error@npm:^8.0.1":
  version: 8.0.1
  resolution: "serialize-error@npm:8.0.1"
  dependencies:
    type-fest: ^0.20.2
  checksum: 7410009c1e35c08ca13b38d6871e4584bbf75788f133db25d1c3d66402fceb6a3642ebd4e795c7dad1f412167bfcd10289b7379de0655ea933404f4d2c53cd75
  languageName: node
  linkType: hard

"serve-static@npm:1.14.1":
  version: 1.14.1
  resolution: "serve-static@npm:1.14.1"
  dependencies:
    encodeurl: ~1.0.2
    escape-html: ~1.0.3
    parseurl: ~1.3.3
    send: 0.17.1
  checksum: 97e8c94ec02950d019000ca12a8e0b4fdeaaabb7ae965c1c05557b55b48114716ae92688972a8d9f06a5e2d5957c305253a859ec223bb39a1e0732366d0e2768
  languageName: node
  linkType: hard

"setprototypeof@npm:1.1.0":
  version: 1.1.0
  resolution: "setprototypeof@npm:1.1.0"
  checksum: 8a3fb2ff4bf7daf0f8fb0e52d87d6e3dc387599e1c7a42833fddc1d711e87f7f187a6f957137a435ae154a98877e4357569f1fb48f3d17e96242621cd469e1f6
  languageName: node
  linkType: hard

"setprototypeof@npm:1.1.1":
  version: 1.1.1
  resolution: "setprototypeof@npm:1.1.1"
  checksum: 0efed4da5aec7535828ac07c3b560f0a54257a4a7d5390ffabe5530a083974aef577651507974215edb92a51efa142f22fb3242e24d630ba6adcbfc9e7f1ff2b
  languageName: node
  linkType: hard

"statuses@npm:>= 1.5.0 < 2, statuses@npm:~1.5.0":
  version: 1.5.0
  resolution: "statuses@npm:1.5.0"
  checksum: 57735269bf231176a60deb80f6d60214cb4a87663b0937e79497afe9aebe2597f8377fd28893f4d1776205f18dd0b927774a26b72051411ac5108e9e2dfc77d2
  languageName: node
  linkType: hard

"string-similarity@npm:^4.0.1":
  version: 4.0.4
  resolution: "string-similarity@npm:4.0.4"
  checksum: f80d907e2ba07012553fa5fc6ed5a9bc76da628acc0e8b7079a5bbcabff4c8c521287233424790651e52d8a8cdccfc071c163ebf23f18d09ff928dd3dc625f7e
  languageName: node
  linkType: hard

"toidentifier@npm:1.0.0":
  version: 1.0.0
  resolution: "toidentifier@npm:1.0.0"
  checksum: 95720e8a0f98f1525f50ccbecbc2a23f0a1b4e448de03819dbbeda03adf0d2010fe64525fbc9d549765242550d341bb891672e4ac0b2cac58613cdd742324255
  languageName: node
  linkType: hard

"tslib@npm:^1.9.3":
  version: 1.14.1
  resolution: "tslib@npm:1.14.1"
  checksum: f44fe7f216946b17d3e3074df3746372703cf24e9127b4c045511456e8e4bf25515fb0a1bb3937676cc305651c5d4fcb6377b0588a4c6a957e748c4c28905d17
  languageName: node
  linkType: hard

"type-fest@npm:^0.20.2":
  version: 0.20.2
  resolution: "type-fest@npm:0.20.2"
  checksum: 1f887bc6150e632fb772fd28e33c22a4ab036c6f484fa9ac2e2115f6cae9d62bba7ca0368e3332b539d85bd2c8391c7bff22ad410abcbc9ab3774d61e250b210
  languageName: node
  linkType: hard

"type-is@npm:~1.6.17, type-is@npm:~1.6.18":
  version: 1.6.18
  resolution: "type-is@npm:1.6.18"
  dependencies:
    media-typer: 0.3.0
    mime-types: ~2.1.24
  checksum: 20a3514f1d835c979237995129d1f8c564325301e3a8f1c732bcbe1d7fa0ca1f65994e41a79e9030d79f31e5459bb9be5c377848fcb477cb3049a661b3713d74
  languageName: node
  linkType: hard

"unpipe@npm:1.0.0, unpipe@npm:~1.0.0":
  version: 1.0.0
  resolution: "unpipe@npm:1.0.0"
  checksum: ba244e8bf640475b2143af95be5d71353cd4d238d63abf5dfe700c67841f066eb0819fc60dee7f2348ef647a5644a06ba024b9a0ab6d399fc07a05eb72a30ac7
  languageName: node
  linkType: hard

"uri-js@npm:^4.2.2":
  version: 4.4.1
  resolution: "uri-js@npm:4.4.1"
  dependencies:
    punycode: ^2.1.0
  checksum: 7d8ae8e2d7b82480d7d337f3e53c9a89ffdc7ebb1c31f212da3df6349f2fd1e6a4361f5fb27369ecab33fa37aa85edc53aec6eb7c9a7c3207a9e0944e8c48802
  languageName: node
  linkType: hard

"utils-merge@npm:1.0.1":
  version: 1.0.1
  resolution: "utils-merge@npm:1.0.1"
  checksum: a457956ebc09efbda05da8bf213ab89140bb9dffa3c42b3315dd8fc3c45d67a1b802741f58b7bba4872113201fc275fc86470289d8bd32b74297b5e5b5980705
  languageName: node
  linkType: hard

"vary@npm:^1, vary@npm:~1.1.2":
  version: 1.1.2
  resolution: "vary@npm:1.1.2"
  checksum: 591f059f727ac1ba0d97cb7767f8583a03fcbb07db7be2b7dce838ede520ec0e958a41cb19077054769077fdc49a9b9a2dc391c83426bfee89c054b8cc7404bf
  languageName: node
  linkType: hard
