# This file is generated by running "yarn install" inside your project.
# Manual changes might be lost - proceed with caution!

__metadata:
  version: 4
  cacheKey: 7

"@fastify/ajv-compiler@npm:^3.3.1":
  version: 3.3.1
  resolution: "@fastify/ajv-compiler@npm:3.3.1"
  dependencies:
    ajv: ^8.11.0
    ajv-formats: ^2.1.1
    fast-uri: ^2.0.0
  checksum: c3d9fb42a72c86d63a14dafd06047ab006e88766503a6f6aa567e6038c8ef9d62db94d7ede50125bbc762c5d8c252a8a7fe6fb168cb51fd4e490cb1b8ece4418
  languageName: node
  linkType: hard

"@fastify/deepmerge@npm:^1.0.0":
  version: 1.1.0
  resolution: "@fastify/deepmerge@npm:1.1.0"
  checksum: 2fbd6287abc4733e7856ab1fe21d30986018df500b9a8fd7e8b3186e45980697bb5a72fa709bbf166331d83566af76677228c34c10c0072d10145149878cf74e
  languageName: node
  linkType: hard

"@fastify/error@npm:^3.0.0":
  version: 3.0.0
  resolution: "@fastify/error@npm:3.0.0"
  checksum: e6aaaedceeffa7e3caf936ca493e6809144c74c3d30a91a41f0417a0ac000197408e2da9fd59bb900cba828ae57a66822455784bbbef31bfefaa1f63294acb7e
  languageName: node
  linkType: hard

"@fastify/fast-json-stringify-compiler@npm:^4.1.0":
  version: 4.1.0
  resolution: "@fastify/fast-json-stringify-compiler@npm:4.1.0"
  dependencies:
    fast-json-stringify: ^5.0.0
  checksum: d699b98947d35759f36163ff90c2d5ac28b935ef96bc1e620909ecab1a42d8fa231cb04f77334b61dbbd026c8aa616a37c0efe4f1f46d06c05e5d2d9d1ae4b55
  languageName: node
  linkType: hard

"@sentry/core@npm:6.19.7":
  version: 6.19.7
  resolution: "@sentry/core@npm:6.19.7"
  dependencies:
    "@sentry/hub": 6.19.7
    "@sentry/minimal": 6.19.7
    "@sentry/types": 6.19.7
    "@sentry/utils": 6.19.7
    tslib: ^1.9.3
  checksum: 0cd75b19212bf0146dcd692fcca22a4b49e5bb8a2d00736c249194223dcc63e54f1db6c48c85c7d945e20befa7d6b6460cee86276697a13b3e379d53779b7f7a
  languageName: node
  linkType: hard

"@sentry/hub@npm:6.19.7":
  version: 6.19.7
  resolution: "@sentry/hub@npm:6.19.7"
  dependencies:
    "@sentry/types": 6.19.7
    "@sentry/utils": 6.19.7
    tslib: ^1.9.3
  checksum: 09d3d30040e69d5b58bf690efc6a23be19d195b58517912c10d79325d342d32a7f75580c69cc8b3687c9be80758f8d6865083d6574b0f124d2d1ac071bfa1374
  languageName: node
  linkType: hard

"@sentry/minimal@npm:6.19.7":
  version: 6.19.7
  resolution: "@sentry/minimal@npm:6.19.7"
  dependencies:
    "@sentry/hub": 6.19.7
    "@sentry/types": 6.19.7
    tslib: ^1.9.3
  checksum: 23eb27e63e8e76f14ef0fcb2bb58e9d31590d9fd2fc2205f3318bbf9f7f07b071cf1dbddce812bf483885a4bf0b76ad11be231a20da00754b34056eb2ee45811
  languageName: node
  linkType: hard

"@sentry/node@npm:^6.16.1":
  version: 6.19.7
  resolution: "@sentry/node@npm:6.19.7"
  dependencies:
    "@sentry/core": 6.19.7
    "@sentry/hub": 6.19.7
    "@sentry/types": 6.19.7
    "@sentry/utils": 6.19.7
    cookie: ^0.4.1
    https-proxy-agent: ^5.0.0
    lru_map: ^0.3.3
    tslib: ^1.9.3
  checksum: 3609562aa74c51fb8706cf1858e07a42321eda9e6707cfc4465f78734b7697f984f179abf3915c8106700efd65ce5697ab4350960655cbe84327b640fbf95a45
  languageName: node
  linkType: hard

"@sentry/types@npm:6.19.7":
  version: 6.19.7
  resolution: "@sentry/types@npm:6.19.7"
  checksum: 0200190d1416614d4e4dd676f287de542ab35c3a9484452fac287652639907af0e650d5e2a7921e6a4ba75bbde90540e09c696cae3da737913ad7899c3877fb5
  languageName: node
  linkType: hard

"@sentry/utils@npm:6.19.7":
  version: 6.19.7
  resolution: "@sentry/utils@npm:6.19.7"
  dependencies:
    "@sentry/types": 6.19.7
    tslib: ^1.9.3
  checksum: fe13b83392cec30c84710c9928b990f1653242b39705230bd00980a18d089798ad5950c3c2109ae3bb0ba4e11f995e5ab20688079da24506cbbcc23ad4d455a8
  languageName: node
  linkType: hard

"abort-controller@npm:^3.0.0":
  version: 3.0.0
  resolution: "abort-controller@npm:3.0.0"
  dependencies:
    event-target-shim: ^5.0.0
  checksum: cc53ad8df9a6de3f55d4f804fca5106908f855e47b572fb5ab3cdd723b76374686dcefa557a2f87d4396db77e31bc0e6ce9d48637388cef6d884c29ad2691448
  languageName: node
  linkType: hard

"abstract-logging@npm:^2.0.1":
  version: 2.0.1
  resolution: "abstract-logging@npm:2.0.1"
  checksum: 1c43af55808a983a44b4c6b35dd718045694b4ce8d51cf1d62ed38458bbc0dc096b8bffece56c76650c02b3e0692684b78402ee9a31e5aa322162321d6f88a7c
  languageName: node
  linkType: hard

"accepts@npm:~1.3.5, accepts@npm:~1.3.7":
  version: 1.3.7
  resolution: "accepts@npm:1.3.7"
  dependencies:
    mime-types: ~2.1.24
    negotiator: 0.6.2
  checksum: 2686fa30dbc850db1bf458dc8171fba13c54ed6cb25f4298ec7c2f88b8dfc50351f25c40abe3a948e4ec7a0cc8ea83d1c55c2f73ffa612d18840a8778d4a2ee0
  languageName: node
  linkType: hard

"agent-base@npm:6":
  version: 6.0.2
  resolution: "agent-base@npm:6.0.2"
  dependencies:
    debug: 4
  checksum: e77eff83e1308883118c7b6a866974dd4ef6be32ef7c91625d5337b13addb5699075c338942f5ecf598d7e5d179b81bf9c9fc644dfb9ca2db0facd9e6bf1238d
  languageName: node
  linkType: hard

"ajv-formats@npm:^2.1.1":
  version: 2.1.1
  resolution: "ajv-formats@npm:2.1.1"
  dependencies:
    ajv: ^8.0.0
  peerDependencies:
    ajv: ^8.0.0
  peerDependenciesMeta:
    ajv:
      optional: true
  checksum: 7e2c32b615d2e90adb6ade5441a1bf036bdf12388edd9df8296a23aa77e0237f54ba8cfa774b608c9d40c78da7268f3dc90df16930e3924befe5818b81d45e58
  languageName: node
  linkType: hard

"ajv@npm:^6.11.0":
  version: 6.12.6
  resolution: "ajv@npm:6.12.6"
  dependencies:
    fast-deep-equal: ^3.1.1
    fast-json-stable-stringify: ^2.0.0
    json-schema-traverse: ^0.4.1
    uri-js: ^4.2.2
  checksum: 19a8f3b0a06001eb68e6268f4f9f04424b32baadd5df6ba8292cd473e22e5f4019ed9ab17c3e3510394178ed8bef9b42ad0bdb5c675d65f042421a774780ce1a
  languageName: node
  linkType: hard

"ajv@npm:^8.0.0, ajv@npm:^8.10.0, ajv@npm:^8.11.0":
  version: 8.11.0
  resolution: "ajv@npm:8.11.0"
  dependencies:
    fast-deep-equal: ^3.1.1
    json-schema-traverse: ^1.0.0
    require-from-string: ^2.0.2
    uri-js: ^4.2.2
  checksum: d617befc452a26297d445380288b738c488db50fa8f7a44b69e81205f01f19015229c0ebe3b0396eaf651dc066cde7cc869d2334929a242b698f449e3e516d92
  languageName: node
  linkType: hard

"archy@npm:^1.0.0":
  version: 1.0.0
  resolution: "archy@npm:1.0.0"
  checksum: fed06a0487f79dd89f30a8558f3e8f88011025ded47b10e412a4fc8f842a4ddec6e51af5a117258f5b84bef587cff7d1e056df4f453a7d8752a46e25bf5be7dc
  languageName: node
  linkType: hard

"argparse@npm:^2.0.1":
  version: 2.0.1
  resolution: "argparse@npm:2.0.1"
  checksum: 160b7a25d2a7097fd5fdf25eb8a99e037340078f70e6c7cfdef305837ed14d54570b2b13261bcae26c8cd44ad6e9a7136a0110d815ac65a7891c69c7bf2f4afd
  languageName: node
  linkType: hard

"array-flatten@npm:2.1.1":
  version: 2.1.1
  resolution: "array-flatten@npm:2.1.1"
  checksum: 70174282f51b4050dffd1e2651cc95bdcac2a555842fe90732763264d563c295dfc9456b1be192b0fa449b0f9060f2bd1f27737ae8b5f123a990099bbf9dcf15
  languageName: node
  linkType: hard

"atomic-sleep@npm:^1.0.0":
  version: 1.0.0
  resolution: "atomic-sleep@npm:1.0.0"
  checksum: 2c6fa68cafef5ec1501245da00cde40b8f7ac71428bd727a923ea883b81ad643667a85677056cd663ad3ca584a49dbeb3a1bd4e6c70c1e9e36afd71b6e36ef96
  languageName: node
  linkType: hard

"avvio@npm:^8.2.0":
  version: 8.2.0
  resolution: "avvio@npm:8.2.0"
  dependencies:
    archy: ^1.0.0
    debug: ^4.0.0
    fastq: ^1.6.1
  checksum: 24062a4b727df4ae0ca8f9bca4e85aa172fbe90d46a2ba102d760621abe41d8ebabd78f2d4896ffab76ca80ca63d71591d196892bc3848c894c4f5b2ff49217d
  languageName: node
  linkType: hard

"base64-js@npm:^1.3.1":
  version: 1.5.1
  resolution: "base64-js@npm:1.5.1"
  checksum: c1b41a26ddc6620eb7f1ee6c29c812f5942a4e328e74263f995872cfb8ca3aee08542beb25cd10fd7ef16e4f16603e25c35a26e776c01fd55277e5035e829e0e
  languageName: node
  linkType: hard

"body-parser@npm:1.19.0":
  version: 1.19.0
  resolution: "body-parser@npm:1.19.0"
  dependencies:
    bytes: 3.1.0
    content-type: ~1.0.4
    debug: 2.6.9
    depd: ~1.1.2
    http-errors: 1.7.2
    iconv-lite: 0.4.24
    on-finished: ~2.3.0
    qs: 6.7.0
    raw-body: 2.4.0
    type-is: ~1.6.17
  checksum: 18c2a81df5eabc7e3541bc9ace394b88e6fbd390989b5e764ff34c3f9dbd097e19986c31baa9b855ec5c2cff2b79157449afb0cdfb97bb99c11d6239b2c47a34
  languageName: node
  linkType: hard

"boolean@npm:^3.1.4":
  version: 3.2.0
  resolution: "boolean@npm:3.2.0"
  checksum: 279daf3e536db745179365e412ac02741f0dc398dbbeac126c5bfc342bda2f80e572f6bcb3056320230cd7c22c55b18768001ecf7a071b51a0edcb1d2c3fc47f
  languageName: node
  linkType: hard

"buffer@npm:^6.0.3":
  version: 6.0.3
  resolution: "buffer@npm:6.0.3"
  dependencies:
    base64-js: ^1.3.1
    ieee754: ^1.2.1
  checksum: a8cf6a58571dc7c43b24ab821ad4c72222d9040775f49fd143a30fad45f33ec0a8e0d572ca80d589ad4f8b4715aa012c029dc2b925dc95467f135c2d13d7abfb
  languageName: node
  linkType: hard

"bytes@npm:3.0.0":
  version: 3.0.0
  resolution: "bytes@npm:3.0.0"
  checksum: 98d6c0ab36f7a5527226fd928e65495ffd3d53cb22da627eba3300eed36bd283ae3dfdf3a0aa017df13a09115b5b8847e3d51f66c2f0304a262264c86a317c05
  languageName: node
  linkType: hard

"bytes@npm:3.1.0":
  version: 3.1.0
  resolution: "bytes@npm:3.1.0"
  checksum: c3f64645ef37922c8194fef88a052de2a28101882dfdf8a225493888c4941a26ea15164957e7492e5c5e3a8e98ee6276f4834efacb68e2d8ad4d91f903250b6c
  languageName: node
  linkType: hard

"compressible@npm:~2.0.16":
  version: 2.0.18
  resolution: "compressible@npm:2.0.18"
  dependencies:
    mime-db: ">= 1.43.0 < 2"
  checksum: 8ac178b6ef4f72adc51e495f23f7212a4764395dde24e476046cca1db988859eef96453e11563bcf40d1bf74469cdd7db29539fd4ac553577d9812d3f112fada
  languageName: node
  linkType: hard

"compression@npm:^1.7.4":
  version: 1.7.4
  resolution: "compression@npm:1.7.4"
  dependencies:
    accepts: ~1.3.5
    bytes: 3.0.0
    compressible: ~2.0.16
    debug: 2.6.9
    on-headers: ~1.0.2
    safe-buffer: 5.1.2
    vary: ~1.1.2
  checksum: 8f5356777088492755e40a506acb35af7de9e99b3efcaba9d60dbdf4b61cb2f817a1100015da06f6ca8dea8f4cd015b91c27f02b562e2f66750329b9104dfeb1
  languageName: node
  linkType: hard

"content-disposition@npm:0.5.3":
  version: 0.5.3
  resolution: "content-disposition@npm:0.5.3"
  dependencies:
    safe-buffer: 5.1.2
  checksum: 8f1f235c0423be68023df7f5a3948601d859ce44ee94e1d0fa2a97383bd469e789320b6ddf6f31b3620605c75cf771522df11386f51aff401e5d51b6ccfde3e2
  languageName: node
  linkType: hard

"content-type@npm:~1.0.4":
  version: 1.0.4
  resolution: "content-type@npm:1.0.4"
  checksum: ff6e19cbf281c23d5608723a6dc60ac97e2280bd4d21602511283112321e6c1555895e395555e367672b54a0f1585276284b7c3c8be313aca73902ac2f2609fd
  languageName: node
  linkType: hard

"cookie-signature@npm:1.0.6":
  version: 1.0.6
  resolution: "cookie-signature@npm:1.0.6"
  checksum: 305054e102eebd0a483c63aefdc3abf54a9471bed5eb12be56c0dcf35a94110b8a13139b27751ab07a5ef09e9f4190ee67f71e9d3acf1748e6e2f1aed338c987
  languageName: node
  linkType: hard

"cookie@npm:0.4.0":
  version: 0.4.0
  resolution: "cookie@npm:0.4.0"
  checksum: 7aaef4b642c533600fdd001d963a507dfcd814267503374e51d9743475d024feeff8b0b4ddd0777a25791a2efbdfd8bc4a0fe0696104efa195e8f8584807d410
  languageName: node
  linkType: hard

"cookie@npm:^0.4.1":
  version: 0.4.1
  resolution: "cookie@npm:0.4.1"
  checksum: b8e0928e3e7aba013087974b33a6eec730b0a68b7ec00fc3c089a56ba2883bcf671252fc2ed64775aa1ca64796b6e1f6fdddba25a66808aef77614d235fd3e06
  languageName: node
  linkType: hard

"cookie@npm:^0.5.0":
  version: 0.5.0
  resolution: "cookie@npm:0.5.0"
  checksum: d8775419ba4dd8cc169aa7e070b0d33ca3d9d9a456b0c871b15f492a2032962f7c436c7f1fa81d9275c6b3af27611e68f70714da9ff3c15ebf6bb69ed9e0333a
  languageName: node
  linkType: hard

"cors@npm:^2.8.5":
  version: 2.8.5
  resolution: "cors@npm:2.8.5"
  dependencies:
    object-assign: ^4
    vary: ^1
  checksum: c83e88c15428b87ff55853ec5ce961b650c7aa3de536aadebbeb2334872d86a8be57165a77996f3b746366c950c2d51624a9b76b88fb7f18d178eca051ca1ae2
  languageName: node
  linkType: hard

"debug@npm:2.6.9":
  version: 2.6.9
  resolution: "debug@npm:2.6.9"
  dependencies:
    ms: 2.0.0
  checksum: 559f44f98cf25e2ee489022aec173afbff746564cb108c4493becb95bc3c017a67bdaa25a0ff64801fd32c35051d00af0e56cc7f762ae2c3bc089496e5a1c31b
  languageName: node
  linkType: hard

"debug@npm:3.1.0":
  version: 3.1.0
  resolution: "debug@npm:3.1.0"
  dependencies:
    ms: 2.0.0
  checksum: 1295acd5e0531761255661d325cd0a80ac8c5f6de8942a53bb23c2197ccb97526972de662ed0e5d9393be83f3428a298a6e7185ecb02f0da6282019cd2ffb4a8
  languageName: node
  linkType: hard

"debug@npm:4, debug@npm:^4.3.1":
  version: 4.3.1
  resolution: "debug@npm:4.3.1"
  dependencies:
    ms: 2.1.2
  peerDependenciesMeta:
    supports-color:
      optional: true
  checksum: 0d41ba5177510e8b388dfd7df143ab0f9312e4abdaba312595461511dac88e9ef8101939d33b4e6d37e10341af6a5301082e4d7d6f3deb4d57bc05fc7d296fad
  languageName: node
  linkType: hard

"debug@npm:^4.0.0":
  version: 4.3.4
  resolution: "debug@npm:4.3.4"
  dependencies:
    ms: 2.1.2
  peerDependenciesMeta:
    supports-color:
      optional: true
  checksum: 7d71c93be25ed05e85840ec12df1a6d1848adbf8bc66948017ad4120fed17d7889e305adec560c18d70710e6de0c55548fbed170f4355045bbbbbd2afd1532a2
  languageName: node
  linkType: hard

"deepmerge@npm:^4.2.2":
  version: 4.2.2
  resolution: "deepmerge@npm:4.2.2"
  checksum: 85abf8e0045ee280996e7d2396979c877ef0741e413b716e42441110e0a83ac08098b2a49cea035510060bf667c0eae3189b2a52349f5fa4b000c211041637b1
  languageName: node
  linkType: hard

"define-properties@npm:^1.1.3":
  version: 1.1.3
  resolution: "define-properties@npm:1.1.3"
  dependencies:
    object-keys: ^1.0.12
  checksum: b69c48c1b1dacb61f0b1cea367707c3bb214e3c47818aff18e6f20a7f88cbfa33d4cbdfd9ff79e56faba95ddca3d78ff10fbf2f02ecfad6f3e13b256e76b1212
  languageName: node
  linkType: hard

"delay@npm:^5.0.0":
  version: 5.0.0
  resolution: "delay@npm:5.0.0"
  checksum: 404b4dd8e60f9fe869dbbd502696cdf4da2b4f3b5b4c10d3345bdec7a3af896ebbb175e16e3aeef7b2063a8ffbb446a04b97218fb276233c90c103b8676c83a0
  languageName: node
  linkType: hard

"depd@npm:~1.1.2":
  version: 1.1.2
  resolution: "depd@npm:1.1.2"
  checksum: f45566ff7019a346852f095768a380778ed544de24e103b479fd5d3e61982d670efbb5234c09d0588d7fdb09c26c48283d7150e4be5e6ce5d3d37cd268d75c4d
  languageName: node
  linkType: hard

"destroy@npm:~1.0.4":
  version: 1.0.4
  resolution: "destroy@npm:1.0.4"
  checksum: 5a516fc5a8a8089eecdac11da2339353542be7a71102dc5a1372ef6161501bf5c1ee59ff9f8a3f5f14cc8c88594d606f855f816d46a228ee5e0e5cb2b543534b
  languageName: node
  linkType: hard

"ee-first@npm:1.1.1":
  version: 1.1.1
  resolution: "ee-first@npm:1.1.1"
  checksum: ba74f91398e3ee3b6d665b2f0d13ad6530e89a7e64ec886a6eec0602fb8a5a274652960e21bd5d4b42fdeb9017d873ff872f50342d38779e955285977edb337c
  languageName: node
  linkType: hard

"encodeurl@npm:~1.0.2":
  version: 1.0.2
  resolution: "encodeurl@npm:1.0.2"
  checksum: 6ee5fcbcd245d2a2b6bd6fe36b80f91e31ab46e29192c50af00e8f860c0c2310ebbdaae40257878fdce90b42abcb3526895c7c3a2e229461ed1f0d0b5a020fc8
  languageName: node
  linkType: hard

"escape-html@npm:~1.0.3":
  version: 1.0.3
  resolution: "escape-html@npm:1.0.3"
  checksum: 900a7f2b80b9f89c85b7a303d1b7a4d354b93e328871414f165f13c5c209a80eab787e3a63429e596877def69fe4dcb3d1b55af655207a901a9ec99f7f148743
  languageName: node
  linkType: hard

"etag@npm:~1.8.1":
  version: 1.8.1
  resolution: "etag@npm:1.8.1"
  checksum: f18341a3c12a554ec46c0d4756bc9cae177e92f25a4ebd9ceefebf0ee448b675972fc110879f22b1bf514174713921ae5de9ff77af2062d422b1085588465a57
  languageName: node
  linkType: hard

"event-target-shim@npm:^5.0.0":
  version: 5.0.1
  resolution: "event-target-shim@npm:5.0.1"
  checksum: d176477a31adf328ff50148886e46cef3f61ff8bdc1d6db161f6b3ead2501085d5652a81fab8dddc59aed93727231c0b5c8a0948de77ae401b2d977a3d18329e
  languageName: node
  linkType: hard

"events@npm:^3.3.0":
  version: 3.3.0
  resolution: "events@npm:3.3.0"
  checksum: 56fa12567013e85b98782a1d971442ea29df057129d8a94432711fd68303357594ea37bfbe234860e28581a7768f943a8bea88c16b48aa01b96acf804bc01d52
  languageName: node
  linkType: hard

"express-spa@workspace:.":
  version: 0.0.0-use.local
  resolution: "express-spa@workspace:."
  dependencies:
    compression: ^1.7.4
    cors: ^2.8.5
    debug: ^4.3.1
    express: ^5.0.0-alpha.8
    helmet: ^4.4.1
    js-yaml: ^4.0.0
    lightship: ^7.1.0
    prettier: 2.2.1
  languageName: unknown
  linkType: soft

"express@npm:^5.0.0-alpha.8":
  version: 5.0.0-alpha.8
  resolution: "express@npm:5.0.0-alpha.8"
  dependencies:
    accepts: ~1.3.7
    array-flatten: 2.1.1
    body-parser: 1.19.0
    content-disposition: 0.5.3
    content-type: ~1.0.4
    cookie: 0.4.0
    cookie-signature: 1.0.6
    debug: 3.1.0
    depd: ~1.1.2
    encodeurl: ~1.0.2
    escape-html: ~1.0.3
    etag: ~1.8.1
    finalhandler: ~1.1.2
    fresh: 0.5.2
    merge-descriptors: 1.0.1
    methods: ~1.1.2
    on-finished: ~2.3.0
    parseurl: ~1.3.3
    path-is-absolute: 1.0.1
    proxy-addr: ~2.0.5
    qs: 6.7.0
    range-parser: ~1.2.1
    router: 2.0.0-alpha.1
    safe-buffer: 5.1.2
    send: 0.17.1
    serve-static: 1.14.1
    setprototypeof: 1.1.1
    statuses: ~1.5.0
    type-is: ~1.6.18
    utils-merge: 1.0.1
    vary: ~1.1.2
  checksum: a074fe4420268bbafad7b1da7935b4cc725ff8b2943397df5c3f0d8b86713f888e684ebc43572203e44fc46b0682760eb9f95767c8bf54c0ea649f5b3f64c1d2
  languageName: node
  linkType: hard

"fast-decode-uri-component@npm:^1.0.1":
  version: 1.0.1
  resolution: "fast-decode-uri-component@npm:1.0.1"
  checksum: cb3186565330299464f409745086404098127b834b3e8576ae90f3733cf6bf3ea1831e0e5c802c8b2263af0ac1ecf8aaeb99bc34bb4a935496b3318bb60ef3a1
  languageName: node
  linkType: hard

"fast-deep-equal@npm:^3.1.1, fast-deep-equal@npm:^3.1.3":
  version: 3.1.3
  resolution: "fast-deep-equal@npm:3.1.3"
  checksum: 451526766b219503131d11e823eaadd1533080b0be4860e316670b039dcaf31cd1007c2fe036a9b922abba7c040dfad5e942ed79d21f2ff849e50049f36e0fb7
  languageName: node
  linkType: hard

"fast-json-stable-stringify@npm:^2.0.0":
  version: 2.1.0
  resolution: "fast-json-stable-stringify@npm:2.1.0"
  checksum: 7df3fabfe445d65953b2d9d9d3958bd895438b215a40fb87dae8b2165c5169a897785eb5d51e6cf0eb03523af756e3d82ea01083f6ac6341fe16db532fee3016
  languageName: node
  linkType: hard

"fast-json-stringify@npm:^2.7.10":
  version: 2.7.13
  resolution: "fast-json-stringify@npm:2.7.13"
  dependencies:
    ajv: ^6.11.0
    deepmerge: ^4.2.2
    rfdc: ^1.2.0
    string-similarity: ^4.0.1
  checksum: 12b5824d8a972be2d9cade993e21b26028d72d9cf2f73d8eb3f14acb6bb29b85e610514baa1975cc9d9921ef9306046c8b4e00672879fed9cd9f3f13e2da2276
  languageName: node
  linkType: hard

"fast-json-stringify@npm:^5.0.0":
  version: 5.4.0
  resolution: "fast-json-stringify@npm:5.4.0"
  dependencies:
    "@fastify/deepmerge": ^1.0.0
    ajv: ^8.10.0
    ajv-formats: ^2.1.1
    fast-deep-equal: ^3.1.3
    fast-uri: ^2.1.0
    rfdc: ^1.2.0
  checksum: 262973d70930325353118d4f6a403147bc84532f0c447a7981208dfd6e280d1c03a2de62abae29e55f0ae9b2363be892f8a232932e7db94669c8d5c0ad1a0dca
  languageName: node
  linkType: hard

"fast-printf@npm:^1.6.9":
  version: 1.6.9
  resolution: "fast-printf@npm:1.6.9"
  dependencies:
    boolean: ^3.1.4
  checksum: 5f0d3b1e379dd78c1da84cb9e01b35a2f7ef7bfc3b14b309f1a0d9c7e18d5de8952b9eb460a67c8203a540ebc7ebe65dc298214a038fb9b8de33919038f4c4ad
  languageName: node
  linkType: hard

"fast-querystring@npm:^1.0.0":
  version: 1.0.0
  resolution: "fast-querystring@npm:1.0.0"
  dependencies:
    fast-decode-uri-component: ^1.0.1
  checksum: 62df92377fc8ad8921cfa462ad90ad32fba09fd53a02b24ebe9df8d05fc14ce609a3afc0d0b44eb5a4500d1db0b04f61b6d1275959b2b3e47fb6c3e84869315c
  languageName: node
  linkType: hard

"fast-redact@npm:^3.1.1":
  version: 3.1.2
  resolution: "fast-redact@npm:3.1.2"
  checksum: 152f475f979f23ee4e7202d8e0b04721649a1d549acc6d4e0236f3c23226b105aa182d43295b75dd42928a9f155fea264df2c036e6e78a11f148b0a22c7f5ba9
  languageName: node
  linkType: hard

"fast-safe-stringify@npm:^2.1.1":
  version: 2.1.1
  resolution: "fast-safe-stringify@npm:2.1.1"
  checksum: 79c9940151284bcd46d5a46c6e93f3037aca0d151f65fa20dac6d914aeb755393dc1c7ef124f4813921c47b8c629af7638e765c2bfeb0127fad2a9f32c676b64
  languageName: node
  linkType: hard

"fast-uri@npm:^2.0.0, fast-uri@npm:^2.1.0":
  version: 2.1.0
  resolution: "fast-uri@npm:2.1.0"
  checksum: eb46d8ea72f15af9f0edb25a2084be686d35abe25a2a24d588deb3356a61fbdfc65fcde6ee615ff2e24dd2a878a3f38a8b53c450054d1b4ea252c1870a1b0983
  languageName: node
  linkType: hard

"fastify@npm:^4.9.2":
  version: 4.9.2
  resolution: "fastify@npm:4.9.2"
  dependencies:
    "@fastify/ajv-compiler": ^3.3.1
    "@fastify/error": ^3.0.0
    "@fastify/fast-json-stringify-compiler": ^4.1.0
    abstract-logging: ^2.0.1
    avvio: ^8.2.0
    find-my-way: ^7.3.0
    light-my-request: ^5.6.1
    pino: ^8.5.0
    process-warning: ^2.0.0
    proxy-addr: ^2.0.7
    rfdc: ^1.3.0
    secure-json-parse: ^2.5.0
    semver: ^7.3.7
    tiny-lru: ^9.0.2
  checksum: e640487c7efc4384b204905df2183eea843367fc28a5ea1c73e3c40ff297c908811072360c7fcc5138c669725989b7a3263477f43fda1c05c0254d99da753e60
  languageName: node
  linkType: hard

"fastq@npm:^1.6.1":
  version: 1.13.0
  resolution: "fastq@npm:1.13.0"
  dependencies:
    reusify: ^1.0.4
  checksum: 2dd6a9dbab06bdd0463abaa78e4868f642a292e041abbd01a55b20cce03539a6866ef8f4f25f62dae4bb6de57bc1832d34c6bd8ae6c43428946ecf073d6741ae
  languageName: node
  linkType: hard

"finalhandler@npm:~1.1.2":
  version: 1.1.2
  resolution: "finalhandler@npm:1.1.2"
  dependencies:
    debug: 2.6.9
    encodeurl: ~1.0.2
    escape-html: ~1.0.3
    on-finished: ~2.3.0
    parseurl: ~1.3.3
    statuses: ~1.5.0
    unpipe: ~1.0.0
  checksum: f2e5b6bfe2201f13e74408530a7f354b7846ab3e648b3dde4f8ed3b773c8a743c16b0f378cb5113df7fef84c5be364bb1a3655f0a75571f163c982289fbd9671
  languageName: node
  linkType: hard

"find-my-way@npm:^7.3.0":
  version: 7.3.1
  resolution: "find-my-way@npm:7.3.1"
  dependencies:
    fast-deep-equal: ^3.1.3
    fast-querystring: ^1.0.0
    safe-regex2: ^2.0.0
  checksum: bfd00a01d56c8a8ff80770eca5424c86a6256ad94a01a2f4b401fb1d0ffb7ecb0e24caff7fb928810c2c787037bf3267e434399131f3f5bbcbe6781bdd530d47
  languageName: node
  linkType: hard

"forwarded@npm:0.2.0":
  version: 0.2.0
  resolution: "forwarded@npm:0.2.0"
  checksum: 1e84548d8ffb072d7edd4c5375ce71e2631c28efcd1084c4578f1a71dd6c4b0d58a6ddcdc923514766030cf38068258971a919e91ffa472460ec0f6dac7209ea
  languageName: node
  linkType: hard

"forwarded@npm:~0.1.2":
  version: 0.1.2
  resolution: "forwarded@npm:0.1.2"
  checksum: 568d862ad1c514813fc62dc1bd58b8669b16d4ee2e634a6fc71f4849df798883ab94e63d8e1b35a17af51b2b39ca869e672c7310efe42fc7b9bad43a80b5ff87
  languageName: node
  linkType: hard

"fresh@npm:0.5.2":
  version: 0.5.2
  resolution: "fresh@npm:0.5.2"
  checksum: 2f76c8505d1ea5a6d5accea3e7aff0b796bfa43364c84929254f33909fa08640948bd1728220d1ff5f4c2b378a65e97da647f2fe0f2b7ddb44001f6e0dc2e91f
  languageName: node
  linkType: hard

"globalthis@npm:^1.0.2":
  version: 1.0.2
  resolution: "globalthis@npm:1.0.2"
  dependencies:
    define-properties: ^1.1.3
  checksum: 1ac54e059ddb43ff8342cfd94406934c184de544ff505550e9242df35deb50591a5ff80635a8fa28c2f10e8b6544d99d58a0f88f3f8a8db933b7fd614c06b27a
  languageName: node
  linkType: hard

"helmet@npm:^4.4.1":
  version: 4.4.1
  resolution: "helmet@npm:4.4.1"
  checksum: 32f5ca0517368244198355bd289765c663e80a4a23795277043d87349e46d91a1d9e42ba8dcbd66debb866fbf73ca7fc14d5980f6647dea3ea87d3c6eb0040a5
  languageName: node
  linkType: hard

"http-errors@npm:1.7.2":
  version: 1.7.2
  resolution: "http-errors@npm:1.7.2"
  dependencies:
    depd: ~1.1.2
    inherits: 2.0.3
    setprototypeof: 1.1.1
    statuses: ">= 1.5.0 < 2"
    toidentifier: 1.0.0
  checksum: 8ce4a4af05a3652c81768a2754ced24b86ff62e7bee147a27b6ef8cde24e7a48f9fbfcb87ec6f67781879b95f1b35d3f8d6378e8555eb7d469ce875f4e184418
  languageName: node
  linkType: hard

"http-errors@npm:~1.7.2":
  version: 1.7.3
  resolution: "http-errors@npm:1.7.3"
  dependencies:
    depd: ~1.1.2
    inherits: 2.0.4
    setprototypeof: 1.1.1
    statuses: ">= 1.5.0 < 2"
    toidentifier: 1.0.0
  checksum: 563ae4a3f19c89029212922bade6ffcd0e4b7fa52e539f08c8f6941de7eaccb00bf76cb7692662192f2f0d567d4ac1f9d6a3d0ee70b166c8540cf791497f90ea
  languageName: node
  linkType: hard

"https-proxy-agent@npm:^5.0.0":
  version: 5.0.0
  resolution: "https-proxy-agent@npm:5.0.0"
  dependencies:
    agent-base: 6
    debug: 4
  checksum: 18aa04ea08cc069fa0c83d03475d1bc43e13bfa43d5cffc0c3a07430f755e1ac914049570302775adac82aa5a779643ef2c6c270c057d7a8523a7f6f46b4866a
  languageName: node
  linkType: hard

"iconv-lite@npm:0.4.24":
  version: 0.4.24
  resolution: "iconv-lite@npm:0.4.24"
  dependencies:
    safer-buffer: ">= 2.1.2 < 3"
  checksum: a9b9521066ee81853a8561e92bd7240bc5d3b7d5ef7da807a475e7858b0246e318b6af518c30a20a8749ef5eafeaa9631079446e4e696c7b60f468b34dc2cbfc
  languageName: node
  linkType: hard

"ieee754@npm:^1.2.1":
  version: 1.2.1
  resolution: "ieee754@npm:1.2.1"
  checksum: 6c1cfab995ecab3b0dbb6cfb7e192686eb02f0f8e788f2d962e1fc02e2d5ab38a85e06d417221f136bd029663a77cdb920d99605d68d3730a05597dd7910426a
  languageName: node
  linkType: hard

"inherits@npm:2.0.3":
  version: 2.0.3
  resolution: "inherits@npm:2.0.3"
  checksum: 9488f9433effbc24474f6baee8014e5337c7f99305ecb4204fa5864ae7655c24225780d87fc65ed8d3d374715a18c5dc8c69fe3bf9745cde2e7acd0ac068a07b
  languageName: node
  linkType: hard

"inherits@npm:2.0.4":
  version: 2.0.4
  resolution: "inherits@npm:2.0.4"
  checksum: 98426da247ddfc3dcd7d7daedd90c3ca32d5b08deca08949726f12d49232aef94772a07b36cf4ff833e105ae2ef931777f6de4a6dd8245a216b9299ad4a50bea
  languageName: node
  linkType: hard

"ipaddr.js@npm:1.9.1":
  version: 1.9.1
  resolution: "ipaddr.js@npm:1.9.1"
  checksum: de15bc7e63973d960abc43c9fbbf19589c726774f59d157d1b29382a1e86ae87c68cbd8b5c78a1712a87fc4fcd91e10762c7671950c66a1a19040ff4fd2f9c9b
  languageName: node
  linkType: hard

"js-yaml@npm:^4.0.0":
  version: 4.0.0
  resolution: "js-yaml@npm:4.0.0"
  dependencies:
    argparse: ^2.0.1
  bin:
    js-yaml: bin/js-yaml.js
  checksum: ee9b16cdbba690ec70f46d61737b28b35e26e6d51606c466de7fa876d3517de0cfdffd2e1ef21263d5ca3b32659d2e4c65255f50d6e236f022305bce72242d46
  languageName: node
  linkType: hard

"json-schema-traverse@npm:^0.4.1":
  version: 0.4.1
  resolution: "json-schema-traverse@npm:0.4.1"
  checksum: 6f71bddba38aa043cf9c05ff9cf37158a6657909f1dd37032ba164b76923da47a17bb4592ee4f7f9c029dfaf26965b821ac214c1f991bb3bd038c9cfea2da50b
  languageName: node
  linkType: hard

"json-schema-traverse@npm:^1.0.0":
  version: 1.0.0
  resolution: "json-schema-traverse@npm:1.0.0"
  checksum: 7a230bcd927f5bf41b33a822121730a225ac287e14d7e8abc94f4cbc36743f6e09455549abaada7029844f7e88a9fd693a023ec76296df17488746acb1e5a388
  languageName: node
  linkType: hard

"light-my-request@npm:^5.6.1":
  version: 5.6.1
  resolution: "light-my-request@npm:5.6.1"
  dependencies:
    cookie: ^0.5.0
    process-warning: ^2.0.0
    set-cookie-parser: ^2.4.1
  checksum: a1ffdb80db4a01d37be84810e66bcd2e9a47a4512b3e07193bc72749af84a3297b974b4ef941989a7029f4c8146b6a4c29c538cb4029ea9bb7d1b262b286fd31
  languageName: node
  linkType: hard

"lightship@npm:^7.1.0":
  version: 7.1.0
  resolution: "lightship@npm:7.1.0"
  dependencies:
    "@sentry/node": ^6.16.1
    delay: ^5.0.0
    fastify: ^4.9.2
    roarr: ^7.13.0
    serialize-error: ^8.1.0
  checksum: 65a6cda2fc03a42c99c5c4331c2300907a14334644baf35c1d8ef0d6156ba4dfa75dda8b26e546b2c028cdd93e8a6f1344bd326398847c9deb0d32260e6fcfe1
  languageName: node
  linkType: hard

"lru-cache@npm:^6.0.0":
  version: 6.0.0
  resolution: "lru-cache@npm:6.0.0"
  dependencies:
    yallist: ^4.0.0
  checksum: b8b78353d2391c0f135cdc245c4744ad41c2efb1a6d98f31bc57a2cf48ebf02de96e4876657c3026673576bf1f1f61fc3fdd77ab00ad1ead737537bf17d8019d
  languageName: node
  linkType: hard

"lru_map@npm:^0.3.3":
  version: 0.3.3
  resolution: "lru_map@npm:0.3.3"
  checksum: c1d5347da0658d31f9440496c97e87cc67f201f79e46e9f83dd4cf3766cc93f021c6226f900f096d0e357913cad290c7d464ac632e5e124efbdb2af1da08774c
  languageName: node
  linkType: hard

"media-typer@npm:0.3.0":
  version: 0.3.0
  resolution: "media-typer@npm:0.3.0"
  checksum: be1c825782df7f38eebd451d778f6407bb15a59c8807a69e7f2ad74a25440e474536441c6bf583fdf2803ea23b866e91ff68f565cda297211dd89147758c8df3
  languageName: node
  linkType: hard

"merge-descriptors@npm:1.0.1":
  version: 1.0.1
  resolution: "merge-descriptors@npm:1.0.1"
  checksum: 2d2a09eaac840a7ceac7a13b44b7c8abf3ecccd93a609c3525d8290cb5d814336cc7c0b1dd485ae3bc471ed354eeefb153475ce2e1604ccdf79eebe74021c192
  languageName: node
  linkType: hard

"methods@npm:~1.1.2":
  version: 1.1.2
  resolution: "methods@npm:1.1.2"
  checksum: 450e4ea0fd4a0f3de8c0593d753c7d6c8f2ee49766f5ef35c68cc2ac41699d5e295b7d6330fc2b7271b8569a07857e3eb0b5df0599a353c5808265b4b5066168
  languageName: node
  linkType: hard

"mime-db@npm:1.44.0, mime-db@npm:>= 1.43.0 < 2":
  version: 1.44.0
  resolution: "mime-db@npm:1.44.0"
  checksum: b4e3b2141418572fba9786f7e36324faef15e23032ad0871f56760cb304ee721ba4c8cc795d3c1cac69a2a8b94045c1d6b08c4a8d1ef6ba1226a3a5193915c57
  languageName: node
  linkType: hard

"mime-types@npm:~2.1.24":
  version: 2.1.27
  resolution: "mime-types@npm:2.1.27"
  dependencies:
    mime-db: 1.44.0
  checksum: 51fe2f2c08c10ac7a2f67e2ce5de30f6500faa88d095418a1ab6e90e30960db7c682a8ecce60d3d4e293ac52c4700ca99399833db998ea9ec83d6f0503b70a94
  languageName: node
  linkType: hard

"mime@npm:1.6.0":
  version: 1.6.0
  resolution: "mime@npm:1.6.0"
  bin:
    mime: cli.js
  checksum: d540c24dd3e3a9e25e813714e55ff2f7841a3a1a47aed9786c508bd0251653d5e9abbfb1163c0c6e1be99f872d7fa1538c068bd6e306e9cb12dd9affa841a61e
  languageName: node
  linkType: hard

"ms@npm:2.0.0":
  version: 2.0.0
  resolution: "ms@npm:2.0.0"
  checksum: 1a230340cc7f322fbe916783d8c8d60455407c6b7fb7f901d6ee34eb272402302c5c7f070a97b8531245cbb4ca6a0a623f6a128d7e5a5440cefa2c669c0b35bb
  languageName: node
  linkType: hard

"ms@npm:2.1.1":
  version: 2.1.1
  resolution: "ms@npm:2.1.1"
  checksum: 81ad38c74df2473ce9fbed8bb71a00220c3d9e237ebd576306c9f6ca3221b251d602c7d199808944be1a3d7cda5883e72c77adb473734ba30f6e032165e05ebc
  languageName: node
  linkType: hard

"ms@npm:2.1.2":
  version: 2.1.2
  resolution: "ms@npm:2.1.2"
  checksum: 9b65fb709bc30c0c07289dcbdb61ca032acbb9ea5698b55fa62e2cebb04c5953f1876a1f3f7f4bc2e91d4bf4d86003f3e207c3bc6ee2f716f99827e62389cd0e
  languageName: node
  linkType: hard

"negotiator@npm:0.6.2":
  version: 0.6.2
  resolution: "negotiator@npm:0.6.2"
  checksum: 4b230bd15f0862d16c54ce0243fcfcf835ad59c8e58c467b4504dd28c9868cff71ff485b02cc575dc69dca819b58a1fadc9fb28403f45721f38a8fffde007d54
  languageName: node
  linkType: hard

"object-assign@npm:^4":
  version: 4.1.1
  resolution: "object-assign@npm:4.1.1"
  checksum: 66cf021898fc1b13ea573ea8635fbd5a76533f50cecbc2fcd5eee1e8029af41bcebe7023788b6d0e06cbe4401ecea075d972f78ec74467cdc571a0f1a4d1a081
  languageName: node
  linkType: hard

"object-keys@npm:^1.0.12":
  version: 1.1.1
  resolution: "object-keys@npm:1.1.1"
  checksum: 30d72d768b7f3f42144cee517b80e70c40cf39bb76f100557ffac42779613c591780135c54d8133894a78d2c0ae817e24a5891484722c6019a5cd5b58c745c66
  languageName: node
  linkType: hard

"on-exit-leak-free@npm:^2.1.0":
  version: 2.1.0
  resolution: "on-exit-leak-free@npm:2.1.0"
  checksum: d4a38f4ea5dd60bc77d6440691954a62b3694cc260a5c8d2e54ef6c128c66b7c8c044eeb076b69fe216e7265bebdc2455e31f48195022428b47985a4291dc99d
  languageName: node
  linkType: hard

"on-finished@npm:~2.3.0":
  version: 2.3.0
  resolution: "on-finished@npm:2.3.0"
  dependencies:
    ee-first: 1.1.1
  checksum: 362e64608287d31ffd96a15fb9305a410b3e4d07c86f277fae907e38af46bc6f5ff948de90eabb81dc5632ca7f9a290085acc5410c378053dfa9860451d97ee5
  languageName: node
  linkType: hard

"on-headers@npm:~1.0.2":
  version: 1.0.2
  resolution: "on-headers@npm:1.0.2"
  checksum: 51e75c80755169e765aa76238722e5ad1623f62b13bbc23544ade20cdbb6950cf0e6aa91de35d02ec956f47dc072ee460d8eef82354e4abf8fa692885cb3f2d8
  languageName: node
  linkType: hard

"parseurl@npm:~1.3.2, parseurl@npm:~1.3.3":
  version: 1.3.3
  resolution: "parseurl@npm:1.3.3"
  checksum: 52c9e86cb58e38b28f1a50a6354d16648974ab7a2b91b209f97102840471de8adf524427774af6d5bc482fb7c0a6af6ba08ab37de9a1a7ae389ebe074015914b
  languageName: node
  linkType: hard

"path-is-absolute@npm:1.0.1":
  version: 1.0.1
  resolution: "path-is-absolute@npm:1.0.1"
  checksum: 907e1e3e6ac0aef6e65adffd75b3892191d76a5b94c5cf26b43667c4240531d11872ca6979c209b2e5e1609f7f579d02f64ba9936b48bb59d36cc529f0d965ed
  languageName: node
  linkType: hard

"path-to-regexp@npm:0.1.7":
  version: 0.1.7
  resolution: "path-to-regexp@npm:0.1.7"
  checksum: 342fdb0ca48415d6eccdbe6d4180fd0fa4786ccc96ab3f74fcdf7acfc99e075af25e6077c8086c341dcfb4f5f84401ecd21e6cd7b24e0c3b556fb7ffb2570da7
  languageName: node
  linkType: hard

"pino-abstract-transport@npm:v1.0.0":
  version: 1.0.0
  resolution: "pino-abstract-transport@npm:1.0.0"
  dependencies:
    readable-stream: ^4.0.0
    split2: ^4.0.0
  checksum: 9ef00d8bb1a5b5ba6b31bfdf97d286b3777fe17de7145ef6973ed028c67c73496aa6f451dd964ce79fc19657e8c31f66a1c2f829e74b61011ab519cd03be7fd8
  languageName: node
  linkType: hard

"pino-std-serializers@npm:^6.0.0":
  version: 6.0.0
  resolution: "pino-std-serializers@npm:6.0.0"
  checksum: f7359f19960419cd40cd1949806fe30a2b883689108475f0a84194a95d12746fab9abc15c6300f2882bf35b7a90f52756429bc2a8dbed377618bdf6770801104
  languageName: node
  linkType: hard

"pino@npm:^8.5.0":
  version: 8.7.0
  resolution: "pino@npm:8.7.0"
  dependencies:
    atomic-sleep: ^1.0.0
    fast-redact: ^3.1.1
    on-exit-leak-free: ^2.1.0
    pino-abstract-transport: v1.0.0
    pino-std-serializers: ^6.0.0
    process-warning: ^2.0.0
    quick-format-unescaped: ^4.0.3
    real-require: ^0.2.0
    safe-stable-stringify: ^2.3.1
    sonic-boom: ^3.1.0
    thread-stream: ^2.0.0
  bin:
    pino: bin.js
  checksum: 3e597ad7d6564875a935385596f57772e81a36c4666644ea3506c2c1778fb7e82c4dd8d6504fedd56a9045a04ce21dcd2fcef236410e8a9264eb7d85381444b2
  languageName: node
  linkType: hard

"prettier@npm:2.2.1":
  version: 2.2.1
  resolution: "prettier@npm:2.2.1"
  bin:
    prettier: bin-prettier.js
  checksum: 92c6c9f4b87eba1f28466edee57dd18c80d00b858edda77d46d1950d20e6e302b68ee255fc91133ba931e63c4577b5ae30da194d9626a8f3c0177778b91bf056
  languageName: node
  linkType: hard

"process-warning@npm:^2.0.0":
  version: 2.0.0
  resolution: "process-warning@npm:2.0.0"
  checksum: 90ee4aaa4dec1a88c33504c6a6390079443794a4b4c62a6d2aff1b04128ddc9bc400523dd4f1cee0303f1eee8c46d7e1bf0b4d295453725ab853d8cd20a7a7b4
  languageName: node
  linkType: hard

"process@npm:^0.11.10":
  version: 0.11.10
  resolution: "process@npm:0.11.10"
  checksum: ed93a85e9185b40fb01788c588a87c1a9da0eb925ef7cebebbe1b8bbf0eba1802130366603a29e3b689c116969d4fe018de6aed3474bbeb5aefb3716b85d6449
  languageName: node
  linkType: hard

"proxy-addr@npm:^2.0.7":
  version: 2.0.7
  resolution: "proxy-addr@npm:2.0.7"
  dependencies:
    forwarded: 0.2.0
    ipaddr.js: 1.9.1
  checksum: ad78682246dc20ed6ca4080539349828bc2708cf0b69c55d6a3c41532780a8d05f563dcbac6ec4b74dce367421bff6fc4bc6b700b14319ecf57c93bd62727fc6
  languageName: node
  linkType: hard

"proxy-addr@npm:~2.0.5":
  version: 2.0.6
  resolution: "proxy-addr@npm:2.0.6"
  dependencies:
    forwarded: ~0.1.2
    ipaddr.js: 1.9.1
  checksum: a7dcfd70258cdc3b73c5dc4a35c73db9857f3bf4cf5e6404380e8ea558f8c5569147e721a01195d00b450e36b4dde727fc9d22fdea14310ba38faa595530cd58
  languageName: node
  linkType: hard

"punycode@npm:^2.1.0":
  version: 2.1.1
  resolution: "punycode@npm:2.1.1"
  checksum: 0202dc191cb35bfd88870ac99a1e824b03486d4cee20b543ef337a6dee8d8b11017da32a3e4c40b69b19976e982c030b62bd72bba42884acb691bc5ef91354c8
  languageName: node
  linkType: hard

"qs@npm:6.7.0":
  version: 6.7.0
  resolution: "qs@npm:6.7.0"
  checksum: 8590470436ff0a75ae35e6b45fd7260e2beb537ff8ec1104f9703a349b09ce1aa27e8e1c06b9ad25ac62fc098e12cc65df93042a233128a0276ccd6de4c7819a
  languageName: node
  linkType: hard

"quick-format-unescaped@npm:^4.0.3":
  version: 4.0.4
  resolution: "quick-format-unescaped@npm:4.0.4"
  checksum: da1741f2578506d67e50b560d73ce1919c81ff17ffaff7856353636a9f9eb6910c213e50cfe0e2b8e823bb2179aec6a00d6e96d0bca6dab61eaf3f107752cd1b
  languageName: node
  linkType: hard

"range-parser@npm:~1.2.1":
  version: 1.2.1
  resolution: "range-parser@npm:1.2.1"
  checksum: 05074f5b23dbdc24acdae9821dd684fbc9c0d770cdaa4469ab529d8e0fc1338aa33561a4c7c14a1f9bdcb3b5e9a3770e5a80318258a72289a7ef05fcda72a707
  languageName: node
  linkType: hard

"raw-body@npm:2.4.0":
  version: 2.4.0
  resolution: "raw-body@npm:2.4.0"
  dependencies:
    bytes: 3.1.0
    http-errors: 1.7.2
    iconv-lite: 0.4.24
    unpipe: 1.0.0
  checksum: 46dc02f8b4f358786d41e18fb55533fbe4702d390e22bbe2b9c98c88dec41cab23ea2315f3ae0bf4bc0213a2872c89943d3df6857f4e21f996ea9d2d92f1bcaa
  languageName: node
  linkType: hard

"readable-stream@npm:^4.0.0":
  version: 4.2.0
  resolution: "readable-stream@npm:4.2.0"
  dependencies:
    abort-controller: ^3.0.0
    buffer: ^6.0.3
    events: ^3.3.0
    process: ^0.11.10
  checksum: 71a4c398b6fc7a4c59a04871d53ef876ce88eb9c93a8d948f1a3f525837e1f4fa51701c598c00df63fa30f990fc9d92840a8eed6bf268773d91c6a121019e2aa
  languageName: node
  linkType: hard

"real-require@npm:^0.2.0":
  version: 0.2.0
  resolution: "real-require@npm:0.2.0"
  checksum: 0cb17559c95fbd4fba1cbbaaee944ab3e947bf0add5091c0532314b628870d43229e1c29dcb5b1298883412a973daf8e841a39c6af315b605f91909158e38a72
  languageName: node
  linkType: hard

"require-from-string@npm:^2.0.2":
  version: 2.0.2
  resolution: "require-from-string@npm:2.0.2"
  checksum: 74fc30353e5d526879b28d480c3f25ca95e9c22dfe7ac10ca0650e03407b3aeed352ff8ca706ea145617b6482a582e4a3bd65a884fc50133ebe586d47fa085c6
  languageName: node
  linkType: hard

"ret@npm:~0.2.0":
  version: 0.2.2
  resolution: "ret@npm:0.2.2"
  checksum: ad260291ff71343d443016b7c6ba0831dd9a51201e621ac8cfc19ab3491ffab41d2b5e4e3a3def06568a665b37a901921f51739c5012c093f2d8582f2d39f3de
  languageName: node
  linkType: hard

"reusify@npm:^1.0.4":
  version: 1.0.4
  resolution: "reusify@npm:1.0.4"
  checksum: 08ef02ed0514f020a51131ba2e6c27c66ccebe25d49cfc83467a0d4054db4634a2853480d0895c710b645ab66af1a6fb3e183888306ae559413bd96c69f39ccd
  languageName: node
  linkType: hard

"rfdc@npm:^1.2.0, rfdc@npm:^1.3.0":
  version: 1.3.0
  resolution: "rfdc@npm:1.3.0"
  checksum: 34dd5c5acf95c1248a81a539b899490e3b2a73373f2fa4187ce0e555581b64c4d08619f022970d6aabe9e044cfa4d4f6118939dfd640c01da68c36d89f118807
  languageName: node
  linkType: hard

"roarr@npm:^7.13.0":
  version: 7.14.0
  resolution: "roarr@npm:7.14.0"
  dependencies:
    boolean: ^3.1.4
    fast-json-stringify: ^2.7.10
    fast-printf: ^1.6.9
    fast-safe-stringify: ^2.1.1
    globalthis: ^1.0.2
    semver-compare: ^1.0.0
  checksum: 0f8b902716b9f12b27a803a67573344c530ff85e29708f6638bbf3ad467016cdc3d569431812f6b363916651422fe9f4703a5c852a948bd3ed2642d95b63e9b2
  languageName: node
  linkType: hard

"router@npm:2.0.0-alpha.1":
  version: 2.0.0-alpha.1
  resolution: "router@npm:2.0.0-alpha.1"
  dependencies:
    array-flatten: 2.1.1
    debug: 3.1.0
    methods: ~1.1.2
    parseurl: ~1.3.2
    path-to-regexp: 0.1.7
    setprototypeof: 1.1.0
    utils-merge: 1.0.1
  checksum: b311b3319ffef349c0af4bae20a623113b966d671f9d6eadf83cf6a7a078bc55dd0806019609b7ea0e81b17274e6efd5c13c402618e97aa239ce9175ba26e19d
  languageName: node
  linkType: hard

"safe-buffer@npm:5.1.2":
  version: 5.1.2
  resolution: "safe-buffer@npm:5.1.2"
  checksum: 2708587c1b5e70a5e420714ceb59f30f5791c6e831d39812125a008eca63a4ac18578abd020a0776ea497ff03b4543f2b2a223a7b9073bf2d6c7af9ec6829218
  languageName: node
  linkType: hard

"safe-regex2@npm:^2.0.0":
  version: 2.0.0
  resolution: "safe-regex2@npm:2.0.0"
  dependencies:
    ret: ~0.2.0
  checksum: 7557097314b77a5d1405486ff9bed7a4d745b657b21a7242c7a9bbf9d7364d6329a603c6f6428d2037b339acf95c99e19808a9904ebfe92ce0525fa199d950d3
  languageName: node
  linkType: hard

"safe-stable-stringify@npm:^2.3.1":
  version: 2.4.1
  resolution: "safe-stable-stringify@npm:2.4.1"
  checksum: 48d02c3379570790b86065614da495ce64879d2241e4daadb9812dcf02ede2d300b63d16175121a744841a8f26668e3e69fd3e665c9cee1bb5f8a2e20dd65050
  languageName: node
  linkType: hard

"safer-buffer@npm:>= 2.1.2 < 3":
  version: 2.1.2
  resolution: "safer-buffer@npm:2.1.2"
  checksum: 549ba83f5b314b59898efe3422120ce1ca7987a6eae5925a5fa5db930dc414d4a9dde0a5594f89638cd6ea60b6840ea961872908933ac2428d1726489db46fa5
  languageName: node
  linkType: hard

"secure-json-parse@npm:^2.5.0":
  version: 2.5.0
  resolution: "secure-json-parse@npm:2.5.0"
  checksum: 155a26394f1554fbbb41f5136ad1d39db35d963b2bfa9c11dbf5a7d095eabe9619727951a9f572a8bba21d3d5e09c5c1616ae51d51a9b1da9f6b0b6da9f443fa
  languageName: node
  linkType: hard

"semver-compare@npm:^1.0.0":
  version: 1.0.0
  resolution: "semver-compare@npm:1.0.0"
  checksum: 9f3a74ca5f829c6b643668281228e2af310d9cb918a9d722e0c9426c4244c32346d29e955bbe796c46341f644fc741d888ca02e573f7aa230542809b03b0d8ec
  languageName: node
  linkType: hard

"semver@npm:^7.3.7":
  version: 7.3.8
  resolution: "semver@npm:7.3.8"
  dependencies:
    lru-cache: ^6.0.0
  bin:
    semver: bin/semver.js
  checksum: cfb9c2101dae4ee93c415471f48797c750174d65def4e06ff691bf910194cc6ca92793e597be8302175ceb640100a3da36451e7656320da53b51167eeaf11eb5
  languageName: node
  linkType: hard

"send@npm:0.17.1":
  version: 0.17.1
  resolution: "send@npm:0.17.1"
  dependencies:
    debug: 2.6.9
    depd: ~1.1.2
    destroy: ~1.0.4
    encodeurl: ~1.0.2
    escape-html: ~1.0.3
    etag: ~1.8.1
    fresh: 0.5.2
    http-errors: ~1.7.2
    mime: 1.6.0
    ms: 2.1.1
    on-finished: ~2.3.0
    range-parser: ~1.2.1
    statuses: ~1.5.0
  checksum: 58e4ab2e07e8dfb206ca954a9b85f4e367aba0e4d59ce4c9c96a82034385b67f25d33ad526fdb69d635744bbe4d8afea06e2c0348d7d32920e3489d86dc3ec6f
  languageName: node
  linkType: hard

"serialize-error@npm:^8.1.0":
  version: 8.1.0
  resolution: "serialize-error@npm:8.1.0"
  dependencies:
    type-fest: ^0.20.2
  checksum: b22c9db390d378433b1796fd60144f5a2aef16f23cff8be59e719328e11a5220a31baf9020bb3cc2faf31901754b5683459c1824478bb1427ad6f1ea5bf70ef7
  languageName: node
  linkType: hard

"serve-static@npm:1.14.1":
  version: 1.14.1
  resolution: "serve-static@npm:1.14.1"
  dependencies:
    encodeurl: ~1.0.2
    escape-html: ~1.0.3
    parseurl: ~1.3.3
    send: 0.17.1
  checksum: 97e8c94ec02950d019000ca12a8e0b4fdeaaabb7ae965c1c05557b55b48114716ae92688972a8d9f06a5e2d5957c305253a859ec223bb39a1e0732366d0e2768
  languageName: node
  linkType: hard

"set-cookie-parser@npm:^2.4.1":
  version: 2.5.1
  resolution: "set-cookie-parser@npm:2.5.1"
  checksum: 8aedf6b8154a896549810f74e122d0ce65f6d3bfd9782fa2731915df5667b3f91ca66f2422029bab3ad2634697ecc93a08e088c9e9c566b51fbe2b3bfdf7be70
  languageName: node
  linkType: hard

"setprototypeof@npm:1.1.0":
  version: 1.1.0
  resolution: "setprototypeof@npm:1.1.0"
  checksum: 8a3fb2ff4bf7daf0f8fb0e52d87d6e3dc387599e1c7a42833fddc1d711e87f7f187a6f957137a435ae154a98877e4357569f1fb48f3d17e96242621cd469e1f6
  languageName: node
  linkType: hard

"setprototypeof@npm:1.1.1":
  version: 1.1.1
  resolution: "setprototypeof@npm:1.1.1"
  checksum: 0efed4da5aec7535828ac07c3b560f0a54257a4a7d5390ffabe5530a083974aef577651507974215edb92a51efa142f22fb3242e24d630ba6adcbfc9e7f1ff2b
  languageName: node
  linkType: hard

"sonic-boom@npm:^3.1.0":
  version: 3.2.0
  resolution: "sonic-boom@npm:3.2.0"
  dependencies:
    atomic-sleep: ^1.0.0
  checksum: f676d6b728f1aec2dd15fef44e3d0b54d4d1e721b65bea2e369e1659e4290a70418531031c06530195c67d7e87fd720674e147a02ac03d9079c121e31e39aaa3
  languageName: node
  linkType: hard

"split2@npm:^4.0.0":
  version: 4.1.0
  resolution: "split2@npm:4.1.0"
  checksum: 104d0e72155fa35edd6a13181de221b1e6da12119f0f2d1d1c38b9b58c97cc042a907cb4ce23eb3a7dbaf6358577e05d53cbd5e8d5a36a039f935bd2861409e6
  languageName: node
  linkType: hard

"statuses@npm:>= 1.5.0 < 2, statuses@npm:~1.5.0":
  version: 1.5.0
  resolution: "statuses@npm:1.5.0"
  checksum: 57735269bf231176a60deb80f6d60214cb4a87663b0937e79497afe9aebe2597f8377fd28893f4d1776205f18dd0b927774a26b72051411ac5108e9e2dfc77d2
  languageName: node
  linkType: hard

"string-similarity@npm:^4.0.1":
  version: 4.0.4
  resolution: "string-similarity@npm:4.0.4"
  checksum: f80d907e2ba07012553fa5fc6ed5a9bc76da628acc0e8b7079a5bbcabff4c8c521287233424790651e52d8a8cdccfc071c163ebf23f18d09ff928dd3dc625f7e
  languageName: node
  linkType: hard

"thread-stream@npm:^2.0.0":
  version: 2.2.0
  resolution: "thread-stream@npm:2.2.0"
  dependencies:
    real-require: ^0.2.0
  checksum: 957c7f573da72c6a5ade44dc50c9aa6f55e5222a4e57113e90a7fee4c2d33b47cfd8e922ae4afb172fc50504f264077b2f0eae47386a28892a358138d4684d70
  languageName: node
  linkType: hard

"tiny-lru@npm:^9.0.2":
  version: 9.0.3
  resolution: "tiny-lru@npm:9.0.3"
  checksum: 10ce68f556e06cf2564502e062b6f1f83b2509945bcd57afd9e7d8a42db711c138e3da209dc7f13afcf0a7a0661461dd954fa8e95b75d3b0dc0e94004ab760d2
  languageName: node
  linkType: hard

"toidentifier@npm:1.0.0":
  version: 1.0.0
  resolution: "toidentifier@npm:1.0.0"
  checksum: 95720e8a0f98f1525f50ccbecbc2a23f0a1b4e448de03819dbbeda03adf0d2010fe64525fbc9d549765242550d341bb891672e4ac0b2cac58613cdd742324255
  languageName: node
  linkType: hard

"tslib@npm:^1.9.3":
  version: 1.14.1
  resolution: "tslib@npm:1.14.1"
  checksum: f44fe7f216946b17d3e3074df3746372703cf24e9127b4c045511456e8e4bf25515fb0a1bb3937676cc305651c5d4fcb6377b0588a4c6a957e748c4c28905d17
  languageName: node
  linkType: hard

"type-fest@npm:^0.20.2":
  version: 0.20.2
  resolution: "type-fest@npm:0.20.2"
  checksum: 1f887bc6150e632fb772fd28e33c22a4ab036c6f484fa9ac2e2115f6cae9d62bba7ca0368e3332b539d85bd2c8391c7bff22ad410abcbc9ab3774d61e250b210
  languageName: node
  linkType: hard

"type-is@npm:~1.6.17, type-is@npm:~1.6.18":
  version: 1.6.18
  resolution: "type-is@npm:1.6.18"
  dependencies:
    media-typer: 0.3.0
    mime-types: ~2.1.24
  checksum: 20a3514f1d835c979237995129d1f8c564325301e3a8f1c732bcbe1d7fa0ca1f65994e41a79e9030d79f31e5459bb9be5c377848fcb477cb3049a661b3713d74
  languageName: node
  linkType: hard

"unpipe@npm:1.0.0, unpipe@npm:~1.0.0":
  version: 1.0.0
  resolution: "unpipe@npm:1.0.0"
  checksum: ba244e8bf640475b2143af95be5d71353cd4d238d63abf5dfe700c67841f066eb0819fc60dee7f2348ef647a5644a06ba024b9a0ab6d399fc07a05eb72a30ac7
  languageName: node
  linkType: hard

"uri-js@npm:^4.2.2":
  version: 4.4.1
  resolution: "uri-js@npm:4.4.1"
  dependencies:
    punycode: ^2.1.0
  checksum: 7d8ae8e2d7b82480d7d337f3e53c9a89ffdc7ebb1c31f212da3df6349f2fd1e6a4361f5fb27369ecab33fa37aa85edc53aec6eb7c9a7c3207a9e0944e8c48802
  languageName: node
  linkType: hard

"utils-merge@npm:1.0.1":
  version: 1.0.1
  resolution: "utils-merge@npm:1.0.1"
  checksum: a457956ebc09efbda05da8bf213ab89140bb9dffa3c42b3315dd8fc3c45d67a1b802741f58b7bba4872113201fc275fc86470289d8bd32b74297b5e5b5980705
  languageName: node
  linkType: hard

"vary@npm:^1, vary@npm:~1.1.2":
  version: 1.1.2
  resolution: "vary@npm:1.1.2"
  checksum: 591f059f727ac1ba0d97cb7767f8583a03fcbb07db7be2b7dce838ede520ec0e958a41cb19077054769077fdc49a9b9a2dc391c83426bfee89c054b8cc7404bf
  languageName: node
  linkType: hard

"yallist@npm:^4.0.0":
  version: 4.0.0
  resolution: "yallist@npm:4.0.0"
  checksum: a2960ef879af6ee67a76cae29bac9d8bffeb6e9e366c217dbd21464e7fce071933705544724f47e90ba5209cf9c83c17d5582dd04415d86747a826b2a231efb8
  languageName: node
  linkType: hard
